// !$*UTF8*$!
{
	archiveVersion = 1;
	classes = {
	};
	objectVersion = 46;
	objects = {

/* Begin PBXBuildFile section */
		35591BA91B9EDF0D00BC0B60 /* libHotlineSDK.a in Frameworks */ = {isa = PBXBuildFile; fileRef = 35591BA21B9EDE9100BC0B60 /* libHotlineSDK.a */; };
		355AE77B1B9DD42400E8999C /* MHLocalizable.strings in Resources */ = {isa = PBXBuildFile; fileRef = 355AE7771B9DD42400E8999C /* MHLocalizable.strings */; };
		355AE77C1B9DD42400E8999C /* MHModel.bundle in Resources */ = {isa = PBXBuildFile; fileRef = 355AE7791B9DD42400E8999C /* MHModel.bundle */; };
		355AE77D1B9DD42400E8999C /* MHResources.bundle in Resources */ = {isa = PBXBuildFile; fileRef = 355AE77A1B9DD42400E8999C /* MHResources.bundle */; };
		356F19ED1B9DBF14002F1E2A /* main.m in Sources */ = {isa = PBXBuildFile; fileRef = 356F19EC1B9DBF14002F1E2A /* main.m */; };
		356F19F01B9DBF14002F1E2A /* AppDelegate.m in Sources */ = {isa = PBXBuildFile; fileRef = 356F19EF1B9DBF14002F1E2A /* AppDelegate.m */; };
		356F19F31B9DBF14002F1E2A /* ViewController.m in Sources */ = {isa = PBXBuildFile; fileRef = 356F19F21B9DBF14002F1E2A /* ViewController.m */; };
		356F19F61B9DBF14002F1E2A /* Main.storyboard in Resources */ = {isa = PBXBuildFile; fileRef = 356F19F41B9DBF14002F1E2A /* Main.storyboard */; };
		356F19F81B9DBF14002F1E2A /* Images.xcassets in Resources */ = {isa = PBXBuildFile; fileRef = 356F19F71B9DBF14002F1E2A /* Images.xcassets */; };
		356F19FB1B9DBF14002F1E2A /* LaunchScreen.xib in Resources */ = {isa = PBXBuildFile; fileRef = 356F19F91B9DBF14002F1E2A /* LaunchScreen.xib */; };
		356F1A071B9DBF14002F1E2A /* HotlineTests.m in Sources */ = {isa = PBXBuildFile; fileRef = 356F1A061B9DBF14002F1E2A /* HotlineTests.m */; };
		356F1A111B9DC48B002F1E2A /* CoreData.framework in Frameworks */ = {isa = PBXBuildFile; fileRef = 356F1A101B9DC48B002F1E2A /* CoreData.framework */; };
		356F1A131B9DC492002F1E2A /* MobileCoreServices.framework in Frameworks */ = {isa = PBXBuildFile; fileRef = 356F1A121B9DC492002F1E2A /* MobileCoreServices.framework */; };
		356F1A151B9DC497002F1E2A /* ImageIO.framework in Frameworks */ = {isa = PBXBuildFile; fileRef = 356F1A141B9DC497002F1E2A /* ImageIO.framework */; };
		356F1A171B9DC49C002F1E2A /* SystemConfiguration.framework in Frameworks */ = {isa = PBXBuildFile; fileRef = 356F1A161B9DC49C002F1E2A /* SystemConfiguration.framework */; };
		356F1A191B9DC4A5002F1E2A /* UIKit.framework in Frameworks */ = {isa = PBXBuildFile; fileRef = 356F1A181B9DC4A5002F1E2A /* UIKit.framework */; };
		356F1A1B1B9DC4AF002F1E2A /* CoreGraphics.framework in Frameworks */ = {isa = PBXBuildFile; fileRef = 356F1A1A1B9DC4AF002F1E2A /* CoreGraphics.framework */; };
		356F1A1D1B9DC4B6002F1E2A /* AVFoundation.framework in Frameworks */ = {isa = PBXBuildFile; fileRef = 356F1A1C1B9DC4B6002F1E2A /* AVFoundation.framework */; };
		356F1A1F1B9DC4BB002F1E2A /* Foundation.framework in Frameworks */ = {isa = PBXBuildFile; fileRef = 356F1A1E1B9DC4BB002F1E2A /* Foundation.framework */; };
		356F1B9D1B9DD146002F1E2A /* CoreTelephony.framework in Frameworks */ = {isa = PBXBuildFile; fileRef = 356F1B9C1B9DD146002F1E2A /* CoreTelephony.framework */; };
		356F1C121B9DD223002F1E2A /* AudioToolbox.framework in Frameworks */ = {isa = PBXBuildFile; fileRef = 356F1C111B9DD223002F1E2A /* AudioToolbox.framework */; };
		356F1C141B9DD23B002F1E2A /* CoreMedia.framework in Frameworks */ = {isa = PBXBuildFile; fileRef = 356F1C131B9DD23B002F1E2A /* CoreMedia.framework */; };
		35D707161BE2498B0035FD74 /* FDSettingsController.m in Sources */ = {isa = PBXBuildFile; fileRef = 35D707151BE2498B0035FD74 /* FDSettingsController.m */; };
		35ED5F051BB3EA4600E0052D /* HLLocalizable.strings in Resources */ = {isa = PBXBuildFile; fileRef = 35ED5EDB1BB3EA4600E0052D /* HLLocalizable.strings */; };
		35ED5F061BB3EA4600E0052D /* HLResources.bundle in Resources */ = {isa = PBXBuildFile; fileRef = 35ED5EDD1BB3EA4600E0052D /* HLResources.bundle */; };
		35ED5F071BB3EA4600E0052D /* konotor_back.png in Resources */ = {isa = PBXBuildFile; fileRef = 35ED5EDF1BB3EA4600E0052D /* konotor_back.png */; };
		35ED5F081BB3EA4600E0052D /* konotor_back@2x.png in Resources */ = {isa = PBXBuildFile; fileRef = 35ED5EE01BB3EA4600E0052D /* konotor_back@2x.png */; };
		35ED5F091BB3EA4600E0052D /* konotor_cam.png in Resources */ = {isa = PBXBuildFile; fileRef = 35ED5EE11BB3EA4600E0052D /* konotor_cam.png */; };
		35ED5F0A1BB3EA4600E0052D /* konotor_cam@2x.png in Resources */ = {isa = PBXBuildFile; fileRef = 35ED5EE21BB3EA4600E0052D /* konotor_cam@2x.png */; };
		35ED5F0B1BB3EA4600E0052D /* konotor_cancel.png in Resources */ = {isa = PBXBuildFile; fileRef = 35ED5EE31BB3EA4600E0052D /* konotor_cancel.png */; };
		35ED5F0C1BB3EA4600E0052D /* konotor_cancel@2x.png in Resources */ = {isa = PBXBuildFile; fileRef = 35ED5EE41BB3EA4600E0052D /* konotor_cancel@2x.png */; };
		35ED5F0D1BB3EA4600E0052D /* konotor_chatbubble_ios7_other.png in Resources */ = {isa = PBXBuildFile; fileRef = 35ED5EE51BB3EA4600E0052D /* konotor_chatbubble_ios7_other.png */; };
		35ED5F0E1BB3EA4600E0052D /* konotor_chatbubble_ios7_other@2x.png in Resources */ = {isa = PBXBuildFile; fileRef = 35ED5EE61BB3EA4600E0052D /* konotor_chatbubble_ios7_other@2x.png */; };
		35ED5F0F1BB3EA4600E0052D /* konotor_chatbubble_ios7_you.png in Resources */ = {isa = PBXBuildFile; fileRef = 35ED5EE71BB3EA4600E0052D /* konotor_chatbubble_ios7_you.png */; };
		35ED5F101BB3EA4600E0052D /* konotor_chatbubble_ios7_you@2x.png in Resources */ = {isa = PBXBuildFile; fileRef = 35ED5EE81BB3EA4600E0052D /* konotor_chatbubble_ios7_you@2x.png */; };
		35ED5F111BB3EA4600E0052D /* konotor_cross.png in Resources */ = {isa = PBXBuildFile; fileRef = 35ED5EE91BB3EA4600E0052D /* konotor_cross.png */; };
		35ED5F121BB3EA4600E0052D /* konotor_cross@2x.png in Resources */ = {isa = PBXBuildFile; fileRef = 35ED5EEA1BB3EA4600E0052D /* konotor_cross@2x.png */; };
		35ED5F131BB3EA4600E0052D /* konotor_mic.png in Resources */ = {isa = PBXBuildFile; fileRef = 35ED5EEB1BB3EA4600E0052D /* konotor_mic.png */; };
		35ED5F141BB3EA4600E0052D /* konotor_mic@2x.png in Resources */ = {isa = PBXBuildFile; fileRef = 35ED5EEC1BB3EA4600E0052D /* konotor_mic@2x.png */; };
		35ED5F151BB3EA4600E0052D /* konotor_placeholder.png in Resources */ = {isa = PBXBuildFile; fileRef = 35ED5EED1BB3EA4600E0052D /* konotor_placeholder.png */; };
		35ED5F161BB3EA4600E0052D /* konotor_placeholder@2x.png in Resources */ = {isa = PBXBuildFile; fileRef = 35ED5EEE1BB3EA4600E0052D /* konotor_placeholder@2x.png */; };
		35ED5F171BB3EA4600E0052D /* konotor_play.png in Resources */ = {isa = PBXBuildFile; fileRef = 35ED5EEF1BB3EA4600E0052D /* konotor_play.png */; };
		35ED5F181BB3EA4600E0052D /* konotor_play@2x.png in Resources */ = {isa = PBXBuildFile; fileRef = 35ED5EF01BB3EA4600E0052D /* konotor_play@2x.png */; };
		35ED5F191BB3EA4600E0052D /* konotor_profile.png in Resources */ = {isa = PBXBuildFile; fileRef = 35ED5EF11BB3EA4600E0052D /* konotor_profile.png */; };
		35ED5F1A1BB3EA4600E0052D /* konotor_profile@2x.png in Resources */ = {isa = PBXBuildFile; fileRef = 35ED5EF21BB3EA4600E0052D /* konotor_profile@2x.png */; };
		35ED5F1B1BB3EA4600E0052D /* konotor_progress_black.png in Resources */ = {isa = PBXBuildFile; fileRef = 35ED5EF31BB3EA4600E0052D /* konotor_progress_black.png */; };
		35ED5F1C1BB3EA4600E0052D /* konotor_progress_black@2x.png in Resources */ = {isa = PBXBuildFile; fileRef = 35ED5EF41BB3EA4600E0052D /* konotor_progress_black@2x.png */; };
		35ED5F1D1BB3EA4600E0052D /* konotor_progress_blue.png in Resources */ = {isa = PBXBuildFile; fileRef = 35ED5EF51BB3EA4600E0052D /* konotor_progress_blue.png */; };
		35ED5F1E1BB3EA4600E0052D /* konotor_progress_blue@2x.png in Resources */ = {isa = PBXBuildFile; fileRef = 35ED5EF61BB3EA4600E0052D /* konotor_progress_blue@2x.png */; };
		35ED5F1F1BB3EA4600E0052D /* konotor_sent.png in Resources */ = {isa = PBXBuildFile; fileRef = 35ED5EF71BB3EA4600E0052D /* konotor_sent.png */; };
		35ED5F201BB3EA4600E0052D /* konotor_sent@2x.png in Resources */ = {isa = PBXBuildFile; fileRef = 35ED5EF81BB3EA4600E0052D /* konotor_sent@2x.png */; };
		35ED5F211BB3EA4600E0052D /* konotor_share.png in Resources */ = {isa = PBXBuildFile; fileRef = 35ED5EF91BB3EA4600E0052D /* konotor_share.png */; };
		35ED5F221BB3EA4600E0052D /* konotor_share@2x.png in Resources */ = {isa = PBXBuildFile; fileRef = 35ED5EFA1BB3EA4600E0052D /* konotor_share@2x.png */; };
		35ED5F231BB3EA4600E0052D /* konotor_stop.png in Resources */ = {isa = PBXBuildFile; fileRef = 35ED5EFB1BB3EA4600E0052D /* konotor_stop.png */; };
		35ED5F241BB3EA4600E0052D /* konotor_stop@2x.png in Resources */ = {isa = PBXBuildFile; fileRef = 35ED5EFC1BB3EA4600E0052D /* konotor_stop@2x.png */; };
		35ED5F251BB3EA4600E0052D /* konotor_supportprofile.png in Resources */ = {isa = PBXBuildFile; fileRef = 35ED5EFD1BB3EA4600E0052D /* konotor_supportprofile.png */; };
		35ED5F261BB3EA4600E0052D /* konotor_supportprofile@2x.png in Resources */ = {isa = PBXBuildFile; fileRef = 35ED5EFE1BB3EA4600E0052D /* konotor_supportprofile@2x.png */; };
		35ED5F271BB3EA4600E0052D /* konotor_uploading.png in Resources */ = {isa = PBXBuildFile; fileRef = 35ED5EFF1BB3EA4600E0052D /* konotor_uploading.png */; };
		35ED5F281BB3EA4600E0052D /* konotor_uploading@2x.png in Resources */ = {isa = PBXBuildFile; fileRef = 35ED5F001BB3EA4600E0052D /* konotor_uploading@2x.png */; };
		35ED5F2A1BB3EA4600E0052D /* KonotorConversationViewController.xib in Resources */ = {isa = PBXBuildFile; fileRef = 35ED5F031BB3EA4600E0052D /* KonotorConversationViewController.xib */; };
		35ED5F2B1BB3EA4600E0052D /* KonotorFeedbackScreenViewController.xib in Resources */ = {isa = PBXBuildFile; fileRef = 35ED5F041BB3EA4600E0052D /* KonotorFeedbackScreenViewController.xib */; };
		CE10648C1BC54C9300922494 /* loading.png in Resources */ = {isa = PBXBuildFile; fileRef = CE10648B1BC54C9300922494 /* loading.png */; };
		CE1064A21BC6780700922494 /* message.png in Resources */ = {isa = PBXBuildFile; fileRef = CE1064A11BC6780700922494 /* message.png */; };
		CE9D4D311BCE7341006F2E66 /* KonotorModels.bundle in Resources */ = {isa = PBXBuildFile; fileRef = CE9D4D301BCE7341006F2E66 /* KonotorModels.bundle */; };
/* End PBXBuildFile section */

/* Begin PBXContainerItemProxy section */
		35591BA11B9EDE9100BC0B60 /* PBXContainerItemProxy */ = {
			isa = PBXContainerItemProxy;
			containerPortal = 35591B981B9EDE9100BC0B60 /* HotlineSDK.xcodeproj */;
			proxyType = 2;
			remoteGlobalIDString = 35591AB11B9ED58100BC0B60;
			remoteInfo = HotlineSDK;
		};
		35591BA31B9EDE9100BC0B60 /* PBXContainerItemProxy */ = {
			isa = PBXContainerItemProxy;
			containerPortal = 35591B981B9EDE9100BC0B60 /* HotlineSDK.xcodeproj */;
			proxyType = 2;
			remoteGlobalIDString = 35591A9A1B9ED53700BC0B60;
			remoteInfo = HotlineAPI;
		};
		35591BA71B9EDF0900BC0B60 /* PBXContainerItemProxy */ = {
			isa = PBXContainerItemProxy;
			containerPortal = 35591B981B9EDE9100BC0B60 /* HotlineSDK.xcodeproj */;
			proxyType = 1;
			remoteGlobalIDString = 35591A9B1B9ED58100BC0B60;
			remoteInfo = HotlineSDK;
		};
		356F1A011B9DBF14002F1E2A /* PBXContainerItemProxy */ = {
			isa = PBXContainerItemProxy;
			containerPortal = 356F19DF1B9DBF14002F1E2A /* Project object */;
			proxyType = 1;
			remoteGlobalIDString = 356F19E61B9DBF14002F1E2A;
			remoteInfo = Hotline;
		};
		356F1A371B9DC541002F1E2A /* PBXContainerItemProxy */ = {
			isa = PBXContainerItemProxy;
			containerPortal = 356F1A301B9DC541002F1E2A /* FreshdeskSDK.xcodeproj */;
			proxyType = 2;
			remoteGlobalIDString = AD3C7CC819069882009919CD;
			remoteInfo = FreshdeskSDK;
		};
		356F1A391B9DC541002F1E2A /* PBXContainerItemProxy */ = {
			isa = PBXContainerItemProxy;
			containerPortal = 356F1A301B9DC541002F1E2A /* FreshdeskSDK.xcodeproj */;
			proxyType = 2;
			remoteGlobalIDString = D0B09C2719B20181001AA0A9;
			remoteInfo = MHModel;
		};
		356F1A3B1B9DC541002F1E2A /* PBXContainerItemProxy */ = {
			isa = PBXContainerItemProxy;
			containerPortal = 356F1A301B9DC541002F1E2A /* FreshdeskSDK.xcodeproj */;
			proxyType = 2;
			remoteGlobalIDString = AD3C7CD819069882009919CD;
			remoteInfo = FreshdeskSDKTests;
		};
		358DD4E71BB012CA00B36E4E /* PBXContainerItemProxy */ = {
			isa = PBXContainerItemProxy;
			containerPortal = 35591B981B9EDE9100BC0B60 /* HotlineSDK.xcodeproj */;
			proxyType = 2;
			remoteGlobalIDString = 358DD4D71BB0126000B36E4E;
			remoteInfo = HotlineDB;
		};
		358DD4F71BB01A6900B36E4E /* PBXContainerItemProxy */ = {
			isa = PBXContainerItemProxy;
			containerPortal = 35591B981B9EDE9100BC0B60 /* HotlineSDK.xcodeproj */;
			proxyType = 2;
			remoteGlobalIDString = 358DD4EE1BB01A2100B36E4E;
			remoteInfo = KonotorModels;
		};
/* End PBXContainerItemProxy section */

/* Begin PBXFileReference section */
		35591B981B9EDE9100BC0B60 /* HotlineSDK.xcodeproj */ = {isa = PBXFileReference; lastKnownFileType = "wrapper.pb-project"; name = HotlineSDK.xcodeproj; path = SDK/HotlineSDK/HotlineSDK.xcodeproj; sourceTree = "<group>"; };
		355AE7781B9DD42400E8999C /* en */ = {isa = PBXFileReference; lastKnownFileType = text.plist.strings; name = en; path = en.lproj/MHLocalizable.strings; sourceTree = "<group>"; };
		355AE7791B9DD42400E8999C /* MHModel.bundle */ = {isa = PBXFileReference; lastKnownFileType = "wrapper.plug-in"; path = MHModel.bundle; sourceTree = "<group>"; };
		355AE77A1B9DD42400E8999C /* MHResources.bundle */ = {isa = PBXFileReference; lastKnownFileType = "wrapper.plug-in"; path = MHResources.bundle; sourceTree = "<group>"; };
		356F19E71B9DBF14002F1E2A /* Hotline.app */ = {isa = PBXFileReference; explicitFileType = wrapper.application; includeInIndex = 0; path = Hotline.app; sourceTree = BUILT_PRODUCTS_DIR; };
		356F19EB1B9DBF14002F1E2A /* Info.plist */ = {isa = PBXFileReference; lastKnownFileType = text.plist.xml; path = Info.plist; sourceTree = "<group>"; };
		356F19EC1B9DBF14002F1E2A /* main.m */ = {isa = PBXFileReference; lastKnownFileType = sourcecode.c.objc; path = main.m; sourceTree = "<group>"; };
		356F19EE1B9DBF14002F1E2A /* AppDelegate.h */ = {isa = PBXFileReference; lastKnownFileType = sourcecode.c.h; path = AppDelegate.h; sourceTree = "<group>"; };
		356F19EF1B9DBF14002F1E2A /* AppDelegate.m */ = {isa = PBXFileReference; lastKnownFileType = sourcecode.c.objc; path = AppDelegate.m; sourceTree = "<group>"; };
		356F19F11B9DBF14002F1E2A /* ViewController.h */ = {isa = PBXFileReference; lastKnownFileType = sourcecode.c.h; path = ViewController.h; sourceTree = "<group>"; };
		356F19F21B9DBF14002F1E2A /* ViewController.m */ = {isa = PBXFileReference; lastKnownFileType = sourcecode.c.objc; path = ViewController.m; sourceTree = "<group>"; };
		356F19F51B9DBF14002F1E2A /* Base */ = {isa = PBXFileReference; lastKnownFileType = file.storyboard; name = Base; path = Base.lproj/Main.storyboard; sourceTree = "<group>"; };
		356F19F71B9DBF14002F1E2A /* Images.xcassets */ = {isa = PBXFileReference; lastKnownFileType = folder.assetcatalog; path = Images.xcassets; sourceTree = "<group>"; };
		356F19FA1B9DBF14002F1E2A /* Base */ = {isa = PBXFileReference; lastKnownFileType = file.xib; name = Base; path = Base.lproj/LaunchScreen.xib; sourceTree = "<group>"; };
		356F1A001B9DBF14002F1E2A /* HotlineTests.xctest */ = {isa = PBXFileReference; explicitFileType = wrapper.cfbundle; includeInIndex = 0; path = HotlineTests.xctest; sourceTree = BUILT_PRODUCTS_DIR; };
		356F1A051B9DBF14002F1E2A /* Info.plist */ = {isa = PBXFileReference; lastKnownFileType = text.plist.xml; path = Info.plist; sourceTree = "<group>"; };
		356F1A061B9DBF14002F1E2A /* HotlineTests.m */ = {isa = PBXFileReference; lastKnownFileType = sourcecode.c.objc; path = HotlineTests.m; sourceTree = "<group>"; };
		356F1A101B9DC48B002F1E2A /* CoreData.framework */ = {isa = PBXFileReference; lastKnownFileType = wrapper.framework; name = CoreData.framework; path = System/Library/Frameworks/CoreData.framework; sourceTree = SDKROOT; };
		356F1A121B9DC492002F1E2A /* MobileCoreServices.framework */ = {isa = PBXFileReference; lastKnownFileType = wrapper.framework; name = MobileCoreServices.framework; path = System/Library/Frameworks/MobileCoreServices.framework; sourceTree = SDKROOT; };
		356F1A141B9DC497002F1E2A /* ImageIO.framework */ = {isa = PBXFileReference; lastKnownFileType = wrapper.framework; name = ImageIO.framework; path = System/Library/Frameworks/ImageIO.framework; sourceTree = SDKROOT; };
		356F1A161B9DC49C002F1E2A /* SystemConfiguration.framework */ = {isa = PBXFileReference; lastKnownFileType = wrapper.framework; name = SystemConfiguration.framework; path = System/Library/Frameworks/SystemConfiguration.framework; sourceTree = SDKROOT; };
		356F1A181B9DC4A5002F1E2A /* UIKit.framework */ = {isa = PBXFileReference; lastKnownFileType = wrapper.framework; name = UIKit.framework; path = System/Library/Frameworks/UIKit.framework; sourceTree = SDKROOT; };
		356F1A1A1B9DC4AF002F1E2A /* CoreGraphics.framework */ = {isa = PBXFileReference; lastKnownFileType = wrapper.framework; name = CoreGraphics.framework; path = System/Library/Frameworks/CoreGraphics.framework; sourceTree = SDKROOT; };
		356F1A1C1B9DC4B6002F1E2A /* AVFoundation.framework */ = {isa = PBXFileReference; lastKnownFileType = wrapper.framework; name = AVFoundation.framework; path = System/Library/Frameworks/AVFoundation.framework; sourceTree = SDKROOT; };
		356F1A1E1B9DC4BB002F1E2A /* Foundation.framework */ = {isa = PBXFileReference; lastKnownFileType = wrapper.framework; name = Foundation.framework; path = System/Library/Frameworks/Foundation.framework; sourceTree = SDKROOT; };
		356F1A301B9DC541002F1E2A /* FreshdeskSDK.xcodeproj */ = {isa = PBXFileReference; lastKnownFileType = "wrapper.pb-project"; name = FreshdeskSDK.xcodeproj; path = SDK/FreshdeskSDK/FreshdeskSDK.xcodeproj; sourceTree = "<group>"; };
		356F1B9C1B9DD146002F1E2A /* CoreTelephony.framework */ = {isa = PBXFileReference; lastKnownFileType = wrapper.framework; name = CoreTelephony.framework; path = System/Library/Frameworks/CoreTelephony.framework; sourceTree = SDKROOT; };
		356F1C111B9DD223002F1E2A /* AudioToolbox.framework */ = {isa = PBXFileReference; lastKnownFileType = wrapper.framework; name = AudioToolbox.framework; path = System/Library/Frameworks/AudioToolbox.framework; sourceTree = SDKROOT; };
		356F1C131B9DD23B002F1E2A /* CoreMedia.framework */ = {isa = PBXFileReference; lastKnownFileType = wrapper.framework; name = CoreMedia.framework; path = System/Library/Frameworks/CoreMedia.framework; sourceTree = SDKROOT; };
		35D707141BE2498B0035FD74 /* FDSettingsController.h */ = {isa = PBXFileReference; fileEncoding = 4; lastKnownFileType = sourcecode.c.h; path = FDSettingsController.h; sourceTree = "<group>"; };
		35D707151BE2498B0035FD74 /* FDSettingsController.m */ = {isa = PBXFileReference; fileEncoding = 4; lastKnownFileType = sourcecode.c.objc; path = FDSettingsController.m; sourceTree = "<group>"; };
		35ED5EDC1BB3EA4600E0052D /* en */ = {isa = PBXFileReference; lastKnownFileType = text.plist.strings; name = en; path = en.lproj/HLLocalizable.strings; sourceTree = "<group>"; };
		35ED5EDD1BB3EA4600E0052D /* HLResources.bundle */ = {isa = PBXFileReference; lastKnownFileType = "wrapper.plug-in"; path = HLResources.bundle; sourceTree = "<group>"; };
		35ED5EDF1BB3EA4600E0052D /* konotor_back.png */ = {isa = PBXFileReference; lastKnownFileType = image.png; path = konotor_back.png; sourceTree = "<group>"; };
		35ED5EE01BB3EA4600E0052D /* konotor_back@2x.png */ = {isa = PBXFileReference; lastKnownFileType = image.png; path = "konotor_back@2x.png"; sourceTree = "<group>"; };
		35ED5EE11BB3EA4600E0052D /* konotor_cam.png */ = {isa = PBXFileReference; lastKnownFileType = image.png; path = konotor_cam.png; sourceTree = "<group>"; };
		35ED5EE21BB3EA4600E0052D /* konotor_cam@2x.png */ = {isa = PBXFileReference; lastKnownFileType = image.png; path = "konotor_cam@2x.png"; sourceTree = "<group>"; };
		35ED5EE31BB3EA4600E0052D /* konotor_cancel.png */ = {isa = PBXFileReference; lastKnownFileType = image.png; path = konotor_cancel.png; sourceTree = "<group>"; };
		35ED5EE41BB3EA4600E0052D /* konotor_cancel@2x.png */ = {isa = PBXFileReference; lastKnownFileType = image.png; path = "konotor_cancel@2x.png"; sourceTree = "<group>"; };
		35ED5EE51BB3EA4600E0052D /* konotor_chatbubble_ios7_other.png */ = {isa = PBXFileReference; lastKnownFileType = image.png; path = konotor_chatbubble_ios7_other.png; sourceTree = "<group>"; };
		35ED5EE61BB3EA4600E0052D /* konotor_chatbubble_ios7_other@2x.png */ = {isa = PBXFileReference; lastKnownFileType = image.png; path = "konotor_chatbubble_ios7_other@2x.png"; sourceTree = "<group>"; };
		35ED5EE71BB3EA4600E0052D /* konotor_chatbubble_ios7_you.png */ = {isa = PBXFileReference; lastKnownFileType = image.png; path = konotor_chatbubble_ios7_you.png; sourceTree = "<group>"; };
		35ED5EE81BB3EA4600E0052D /* konotor_chatbubble_ios7_you@2x.png */ = {isa = PBXFileReference; lastKnownFileType = image.png; path = "konotor_chatbubble_ios7_you@2x.png"; sourceTree = "<group>"; };
		35ED5EE91BB3EA4600E0052D /* konotor_cross.png */ = {isa = PBXFileReference; lastKnownFileType = image.png; path = konotor_cross.png; sourceTree = "<group>"; };
		35ED5EEA1BB3EA4600E0052D /* konotor_cross@2x.png */ = {isa = PBXFileReference; lastKnownFileType = image.png; path = "konotor_cross@2x.png"; sourceTree = "<group>"; };
		35ED5EEB1BB3EA4600E0052D /* konotor_mic.png */ = {isa = PBXFileReference; lastKnownFileType = image.png; path = konotor_mic.png; sourceTree = "<group>"; };
		35ED5EEC1BB3EA4600E0052D /* konotor_mic@2x.png */ = {isa = PBXFileReference; lastKnownFileType = image.png; path = "konotor_mic@2x.png"; sourceTree = "<group>"; };
		35ED5EED1BB3EA4600E0052D /* konotor_placeholder.png */ = {isa = PBXFileReference; lastKnownFileType = image.png; path = konotor_placeholder.png; sourceTree = "<group>"; };
		35ED5EEE1BB3EA4600E0052D /* konotor_placeholder@2x.png */ = {isa = PBXFileReference; lastKnownFileType = image.png; path = "konotor_placeholder@2x.png"; sourceTree = "<group>"; };
		35ED5EEF1BB3EA4600E0052D /* konotor_play.png */ = {isa = PBXFileReference; lastKnownFileType = image.png; path = konotor_play.png; sourceTree = "<group>"; };
		35ED5EF01BB3EA4600E0052D /* konotor_play@2x.png */ = {isa = PBXFileReference; lastKnownFileType = image.png; path = "konotor_play@2x.png"; sourceTree = "<group>"; };
		35ED5EF11BB3EA4600E0052D /* konotor_profile.png */ = {isa = PBXFileReference; lastKnownFileType = image.png; path = konotor_profile.png; sourceTree = "<group>"; };
		35ED5EF21BB3EA4600E0052D /* konotor_profile@2x.png */ = {isa = PBXFileReference; lastKnownFileType = image.png; path = "konotor_profile@2x.png"; sourceTree = "<group>"; };
		35ED5EF31BB3EA4600E0052D /* konotor_progress_black.png */ = {isa = PBXFileReference; lastKnownFileType = image.png; path = konotor_progress_black.png; sourceTree = "<group>"; };
		35ED5EF41BB3EA4600E0052D /* konotor_progress_black@2x.png */ = {isa = PBXFileReference; lastKnownFileType = image.png; path = "konotor_progress_black@2x.png"; sourceTree = "<group>"; };
		35ED5EF51BB3EA4600E0052D /* konotor_progress_blue.png */ = {isa = PBXFileReference; lastKnownFileType = image.png; path = konotor_progress_blue.png; sourceTree = "<group>"; };
		35ED5EF61BB3EA4600E0052D /* konotor_progress_blue@2x.png */ = {isa = PBXFileReference; lastKnownFileType = image.png; path = "konotor_progress_blue@2x.png"; sourceTree = "<group>"; };
		35ED5EF71BB3EA4600E0052D /* konotor_sent.png */ = {isa = PBXFileReference; lastKnownFileType = image.png; path = konotor_sent.png; sourceTree = "<group>"; };
		35ED5EF81BB3EA4600E0052D /* konotor_sent@2x.png */ = {isa = PBXFileReference; lastKnownFileType = image.png; path = "konotor_sent@2x.png"; sourceTree = "<group>"; };
		35ED5EF91BB3EA4600E0052D /* konotor_share.png */ = {isa = PBXFileReference; lastKnownFileType = image.png; path = konotor_share.png; sourceTree = "<group>"; };
		35ED5EFA1BB3EA4600E0052D /* konotor_share@2x.png */ = {isa = PBXFileReference; lastKnownFileType = image.png; path = "konotor_share@2x.png"; sourceTree = "<group>"; };
		35ED5EFB1BB3EA4600E0052D /* konotor_stop.png */ = {isa = PBXFileReference; lastKnownFileType = image.png; path = konotor_stop.png; sourceTree = "<group>"; };
		35ED5EFC1BB3EA4600E0052D /* konotor_stop@2x.png */ = {isa = PBXFileReference; lastKnownFileType = image.png; path = "konotor_stop@2x.png"; sourceTree = "<group>"; };
		35ED5EFD1BB3EA4600E0052D /* konotor_supportprofile.png */ = {isa = PBXFileReference; lastKnownFileType = image.png; path = konotor_supportprofile.png; sourceTree = "<group>"; };
		35ED5EFE1BB3EA4600E0052D /* konotor_supportprofile@2x.png */ = {isa = PBXFileReference; lastKnownFileType = image.png; path = "konotor_supportprofile@2x.png"; sourceTree = "<group>"; };
		35ED5EFF1BB3EA4600E0052D /* konotor_uploading.png */ = {isa = PBXFileReference; lastKnownFileType = image.png; path = konotor_uploading.png; sourceTree = "<group>"; };
		35ED5F001BB3EA4600E0052D /* konotor_uploading@2x.png */ = {isa = PBXFileReference; lastKnownFileType = image.png; path = "konotor_uploading@2x.png"; sourceTree = "<group>"; };
		35ED5F031BB3EA4600E0052D /* KonotorConversationViewController.xib */ = {isa = PBXFileReference; fileEncoding = 4; lastKnownFileType = file.xib; path = KonotorConversationViewController.xib; sourceTree = "<group>"; };
		35ED5F041BB3EA4600E0052D /* KonotorFeedbackScreenViewController.xib */ = {isa = PBXFileReference; fileEncoding = 4; lastKnownFileType = file.xib; path = KonotorFeedbackScreenViewController.xib; sourceTree = "<group>"; };
		CE10648B1BC54C9300922494 /* loading.png */ = {isa = PBXFileReference; lastKnownFileType = image.png; path = loading.png; sourceTree = "<group>"; };
		CE1064A11BC6780700922494 /* message.png */ = {isa = PBXFileReference; lastKnownFileType = image.png; path = message.png; sourceTree = "<group>"; };
		CE9D4D301BCE7341006F2E66 /* KonotorModels.bundle */ = {isa = PBXFileReference; lastKnownFileType = "wrapper.plug-in"; path = KonotorModels.bundle; sourceTree = "<group>"; };
/* End PBXFileReference section */

/* Begin PBXFrameworksBuildPhase section */
		356F19E41B9DBF14002F1E2A /* Frameworks */ = {
			isa = PBXFrameworksBuildPhase;
			buildActionMask = 2147483647;
			files = (
				35591BA91B9EDF0D00BC0B60 /* libHotlineSDK.a in Frameworks */,
				356F1C141B9DD23B002F1E2A /* CoreMedia.framework in Frameworks */,
				356F1C121B9DD223002F1E2A /* AudioToolbox.framework in Frameworks */,
				356F1B9D1B9DD146002F1E2A /* CoreTelephony.framework in Frameworks */,
				356F1A1F1B9DC4BB002F1E2A /* Foundation.framework in Frameworks */,
				356F1A1D1B9DC4B6002F1E2A /* AVFoundation.framework in Frameworks */,
				356F1A1B1B9DC4AF002F1E2A /* CoreGraphics.framework in Frameworks */,
				356F1A191B9DC4A5002F1E2A /* UIKit.framework in Frameworks */,
				356F1A171B9DC49C002F1E2A /* SystemConfiguration.framework in Frameworks */,
				356F1A151B9DC497002F1E2A /* ImageIO.framework in Frameworks */,
				356F1A131B9DC492002F1E2A /* MobileCoreServices.framework in Frameworks */,
				356F1A111B9DC48B002F1E2A /* CoreData.framework in Frameworks */,
			);
			runOnlyForDeploymentPostprocessing = 0;
		};
		356F19FD1B9DBF14002F1E2A /* Frameworks */ = {
			isa = PBXFrameworksBuildPhase;
			buildActionMask = 2147483647;
			files = (
			);
			runOnlyForDeploymentPostprocessing = 0;
		};
/* End PBXFrameworksBuildPhase section */

/* Begin PBXGroup section */
		35591B991B9EDE9100BC0B60 /* Products */ = {
			isa = PBXGroup;
			children = (
				35591BA21B9EDE9100BC0B60 /* libHotlineSDK.a */,
				35591BA41B9EDE9100BC0B60 /* libHotlineAPI.a */,
				358DD4E81BB012CA00B36E4E /* HotlineDB.bundle */,
				358DD4F81BB01A6900B36E4E /* KonotorModels.bundle */,
			);
			name = Products;
			sourceTree = "<group>";
		};
		355AE7751B9DD42400E8999C /* MobihelpResources */ = {
			isa = PBXGroup;
			children = (
				355AE7761B9DD42400E8999C /* MHLocalization */,
				355AE7791B9DD42400E8999C /* MHModel.bundle */,
				355AE77A1B9DD42400E8999C /* MHResources.bundle */,
			);
			path = MobihelpResources;
			sourceTree = "<group>";
		};
		355AE7761B9DD42400E8999C /* MHLocalization */ = {
			isa = PBXGroup;
			children = (
				355AE7771B9DD42400E8999C /* MHLocalizable.strings */,
			);
			path = MHLocalization;
			sourceTree = "<group>";
		};
		356F19DE1B9DBF14002F1E2A = {
			isa = PBXGroup;
			children = (
				356F19E91B9DBF14002F1E2A /* Hotline */,
				356F1A031B9DBF14002F1E2A /* HotlineTests */,
				356F19E81B9DBF14002F1E2A /* Products */,
			);
			sourceTree = "<group>";
		};
		356F19E81B9DBF14002F1E2A /* Products */ = {
			isa = PBXGroup;
			children = (
				356F19E71B9DBF14002F1E2A /* Hotline.app */,
				356F1A001B9DBF14002F1E2A /* HotlineTests.xctest */,
			);
			name = Products;
			sourceTree = "<group>";
		};
		356F19E91B9DBF14002F1E2A /* Hotline */ = {
			isa = PBXGroup;
			children = (
				356F19EE1B9DBF14002F1E2A /* AppDelegate.h */,
				356F19EF1B9DBF14002F1E2A /* AppDelegate.m */,
				356F19F11B9DBF14002F1E2A /* ViewController.h */,
				356F19F21B9DBF14002F1E2A /* ViewController.m */,
				35D707141BE2498B0035FD74 /* FDSettingsController.h */,
				35D707151BE2498B0035FD74 /* FDSettingsController.m */,
				356F19F41B9DBF14002F1E2A /* Main.storyboard */,
				356F19F71B9DBF14002F1E2A /* Images.xcassets */,
				356F19F91B9DBF14002F1E2A /* LaunchScreen.xib */,
				356F1BA11B9DD1EC002F1E2A /* Resources */,
				356F1A201B9DC4D8002F1E2A /* Framework */,
				356F19EA1B9DBF14002F1E2A /* Supporting Files */,
			);
			path = Hotline;
			sourceTree = "<group>";
		};
		356F19EA1B9DBF14002F1E2A /* Supporting Files */ = {
			isa = PBXGroup;
			children = (
				356F19EB1B9DBF14002F1E2A /* Info.plist */,
				356F19EC1B9DBF14002F1E2A /* main.m */,
			);
			name = "Supporting Files";
			sourceTree = "<group>";
		};
		356F1A031B9DBF14002F1E2A /* HotlineTests */ = {
			isa = PBXGroup;
			children = (
				356F1A061B9DBF14002F1E2A /* HotlineTests.m */,
				356F1A041B9DBF14002F1E2A /* Supporting Files */,
			);
			path = HotlineTests;
			sourceTree = "<group>";
		};
		356F1A041B9DBF14002F1E2A /* Supporting Files */ = {
			isa = PBXGroup;
			children = (
				356F1A051B9DBF14002F1E2A /* Info.plist */,
			);
			name = "Supporting Files";
			sourceTree = "<group>";
		};
		356F1A201B9DC4D8002F1E2A /* Framework */ = {
			isa = PBXGroup;
			children = (
				35591B981B9EDE9100BC0B60 /* HotlineSDK.xcodeproj */,
				356F1A301B9DC541002F1E2A /* FreshdeskSDK.xcodeproj */,
				356F1C131B9DD23B002F1E2A /* CoreMedia.framework */,
				356F1C111B9DD223002F1E2A /* AudioToolbox.framework */,
				356F1A1E1B9DC4BB002F1E2A /* Foundation.framework */,
				356F1B9C1B9DD146002F1E2A /* CoreTelephony.framework */,
				356F1A1C1B9DC4B6002F1E2A /* AVFoundation.framework */,
				356F1A1A1B9DC4AF002F1E2A /* CoreGraphics.framework */,
				356F1A181B9DC4A5002F1E2A /* UIKit.framework */,
				356F1A161B9DC49C002F1E2A /* SystemConfiguration.framework */,
				356F1A141B9DC497002F1E2A /* ImageIO.framework */,
				356F1A121B9DC492002F1E2A /* MobileCoreServices.framework */,
				356F1A101B9DC48B002F1E2A /* CoreData.framework */,
			);
			name = Framework;
			path = ..;
			sourceTree = "<group>";
		};
		356F1A311B9DC541002F1E2A /* Products */ = {
			isa = PBXGroup;
			children = (
				356F1A381B9DC541002F1E2A /* libFreshdeskSDK.a */,
				356F1A3A1B9DC541002F1E2A /* MHModel.bundle */,
				356F1A3C1B9DC541002F1E2A /* FreshdeskSDKTests.xctest */,
			);
			name = Products;
			sourceTree = "<group>";
		};
		356F1BA11B9DD1EC002F1E2A /* Resources */ = {
			isa = PBXGroup;
			children = (
				35ED5ED91BB3EA4600E0052D /* HotlineResources */,
				355AE7751B9DD42400E8999C /* MobihelpResources */,
			);
			path = Resources;
			sourceTree = SOURCE_ROOT;
		};
		35ED5ED91BB3EA4600E0052D /* HotlineResources */ = {
			isa = PBXGroup;
			children = (
				CE9D4D301BCE7341006F2E66 /* KonotorModels.bundle */,
				35ED5EDA1BB3EA4600E0052D /* HLLocalization */,
				35ED5EDD1BB3EA4600E0052D /* HLResources.bundle */,
				35ED5EDE1BB3EA4600E0052D /* Konotor-Images */,
				35ED5F021BB3EA4600E0052D /* XIB */,
			);
			path = HotlineResources;
			sourceTree = "<group>";
		};
		35ED5EDA1BB3EA4600E0052D /* HLLocalization */ = {
			isa = PBXGroup;
			children = (
				35ED5EDB1BB3EA4600E0052D /* HLLocalizable.strings */,
			);
			path = HLLocalization;
			sourceTree = "<group>";
		};
		35ED5EDE1BB3EA4600E0052D /* Konotor-Images */ = {
			isa = PBXGroup;
			children = (
				CE10648B1BC54C9300922494 /* loading.png */,
				CE1064A11BC6780700922494 /* message.png */,
				35ED5EDF1BB3EA4600E0052D /* konotor_back.png */,
				35ED5EE01BB3EA4600E0052D /* konotor_back@2x.png */,
				35ED5EE11BB3EA4600E0052D /* konotor_cam.png */,
				35ED5EE21BB3EA4600E0052D /* konotor_cam@2x.png */,
				35ED5EE31BB3EA4600E0052D /* konotor_cancel.png */,
				35ED5EE41BB3EA4600E0052D /* konotor_cancel@2x.png */,
				35ED5EE51BB3EA4600E0052D /* konotor_chatbubble_ios7_other.png */,
				35ED5EE61BB3EA4600E0052D /* konotor_chatbubble_ios7_other@2x.png */,
				35ED5EE71BB3EA4600E0052D /* konotor_chatbubble_ios7_you.png */,
				35ED5EE81BB3EA4600E0052D /* konotor_chatbubble_ios7_you@2x.png */,
				35ED5EE91BB3EA4600E0052D /* konotor_cross.png */,
				35ED5EEA1BB3EA4600E0052D /* konotor_cross@2x.png */,
				35ED5EEB1BB3EA4600E0052D /* konotor_mic.png */,
				35ED5EEC1BB3EA4600E0052D /* konotor_mic@2x.png */,
				35ED5EED1BB3EA4600E0052D /* konotor_placeholder.png */,
				35ED5EEE1BB3EA4600E0052D /* konotor_placeholder@2x.png */,
				35ED5EEF1BB3EA4600E0052D /* konotor_play.png */,
				35ED5EF01BB3EA4600E0052D /* konotor_play@2x.png */,
				35ED5EF11BB3EA4600E0052D /* konotor_profile.png */,
				35ED5EF21BB3EA4600E0052D /* konotor_profile@2x.png */,
				35ED5EF31BB3EA4600E0052D /* konotor_progress_black.png */,
				35ED5EF41BB3EA4600E0052D /* konotor_progress_black@2x.png */,
				35ED5EF51BB3EA4600E0052D /* konotor_progress_blue.png */,
				35ED5EF61BB3EA4600E0052D /* konotor_progress_blue@2x.png */,
				35ED5EF71BB3EA4600E0052D /* konotor_sent.png */,
				35ED5EF81BB3EA4600E0052D /* konotor_sent@2x.png */,
				35ED5EF91BB3EA4600E0052D /* konotor_share.png */,
				35ED5EFA1BB3EA4600E0052D /* konotor_share@2x.png */,
				35ED5EFB1BB3EA4600E0052D /* konotor_stop.png */,
				35ED5EFC1BB3EA4600E0052D /* konotor_stop@2x.png */,
				35ED5EFD1BB3EA4600E0052D /* konotor_supportprofile.png */,
				35ED5EFE1BB3EA4600E0052D /* konotor_supportprofile@2x.png */,
				35ED5EFF1BB3EA4600E0052D /* konotor_uploading.png */,
				35ED5F001BB3EA4600E0052D /* konotor_uploading@2x.png */,
			);
			path = "Konotor-Images";
			sourceTree = "<group>";
		};
		35ED5F021BB3EA4600E0052D /* XIB */ = {
			isa = PBXGroup;
			children = (
				35ED5F031BB3EA4600E0052D /* KonotorConversationViewController.xib */,
				35ED5F041BB3EA4600E0052D /* KonotorFeedbackScreenViewController.xib */,
			);
			path = XIB;
			sourceTree = "<group>";
		};
/* End PBXGroup section */

/* Begin PBXNativeTarget section */
		356F19E61B9DBF14002F1E2A /* Hotline */ = {
			isa = PBXNativeTarget;
			buildConfigurationList = 356F1A0A1B9DBF14002F1E2A /* Build configuration list for PBXNativeTarget "Hotline" */;
			buildPhases = (
				356F19E31B9DBF14002F1E2A /* Sources */,
				356F19E41B9DBF14002F1E2A /* Frameworks */,
				356F19E51B9DBF14002F1E2A /* Resources */,
			);
			buildRules = (
			);
			dependencies = (
				35591BA81B9EDF0900BC0B60 /* PBXTargetDependency */,
			);
			name = Hotline;
			productName = Hotline;
			productReference = 356F19E71B9DBF14002F1E2A /* Hotline.app */;
			productType = "com.apple.product-type.application";
		};
		356F19FF1B9DBF14002F1E2A /* HotlineTests */ = {
			isa = PBXNativeTarget;
			buildConfigurationList = 356F1A0D1B9DBF14002F1E2A /* Build configuration list for PBXNativeTarget "HotlineTests" */;
			buildPhases = (
				356F19FC1B9DBF14002F1E2A /* Sources */,
				356F19FD1B9DBF14002F1E2A /* Frameworks */,
				356F19FE1B9DBF14002F1E2A /* Resources */,
			);
			buildRules = (
			);
			dependencies = (
				356F1A021B9DBF14002F1E2A /* PBXTargetDependency */,
			);
			name = HotlineTests;
			productName = HotlineTests;
			productReference = 356F1A001B9DBF14002F1E2A /* HotlineTests.xctest */;
			productType = "com.apple.product-type.bundle.unit-test";
		};
/* End PBXNativeTarget section */

/* Begin PBXProject section */
		356F19DF1B9DBF14002F1E2A /* Project object */ = {
			isa = PBXProject;
			attributes = {
				LastUpgradeCheck = 0700;
				ORGANIZATIONNAME = Freshdesk;
				TargetAttributes = {
					356F19E61B9DBF14002F1E2A = {
						CreatedOnToolsVersion = 6.4;
						DevelopmentTeam = PKUQ4ZWJH3;
					};
					356F19FF1B9DBF14002F1E2A = {
						CreatedOnToolsVersion = 6.4;
						TestTargetID = 356F19E61B9DBF14002F1E2A;
					};
				};
			};
			buildConfigurationList = 356F19E21B9DBF14002F1E2A /* Build configuration list for PBXProject "Hotline" */;
			compatibilityVersion = "Xcode 3.2";
			developmentRegion = English;
			hasScannedForEncodings = 0;
			knownRegions = (
				en,
				Base,
			);
			mainGroup = 356F19DE1B9DBF14002F1E2A;
			productRefGroup = 356F19E81B9DBF14002F1E2A /* Products */;
			projectDirPath = "";
			projectReferences = (
				{
					ProductGroup = 356F1A311B9DC541002F1E2A /* Products */;
					ProjectRef = 356F1A301B9DC541002F1E2A /* FreshdeskSDK.xcodeproj */;
				},
				{
					ProductGroup = 35591B991B9EDE9100BC0B60 /* Products */;
					ProjectRef = 35591B981B9EDE9100BC0B60 /* HotlineSDK.xcodeproj */;
				},
			);
			projectRoot = "";
			targets = (
				356F19E61B9DBF14002F1E2A /* Hotline */,
				356F19FF1B9DBF14002F1E2A /* HotlineTests */,
			);
		};
/* End PBXProject section */

/* Begin PBXReferenceProxy section */
		35591BA21B9EDE9100BC0B60 /* libHotlineSDK.a */ = {
			isa = PBXReferenceProxy;
			fileType = archive.ar;
			path = libHotlineSDK.a;
			remoteRef = 35591BA11B9EDE9100BC0B60 /* PBXContainerItemProxy */;
			sourceTree = BUILT_PRODUCTS_DIR;
		};
		35591BA41B9EDE9100BC0B60 /* libHotlineAPI.a */ = {
			isa = PBXReferenceProxy;
			fileType = archive.ar;
			path = libHotlineAPI.a;
			remoteRef = 35591BA31B9EDE9100BC0B60 /* PBXContainerItemProxy */;
			sourceTree = BUILT_PRODUCTS_DIR;
		};
		356F1A381B9DC541002F1E2A /* libFreshdeskSDK.a */ = {
			isa = PBXReferenceProxy;
			fileType = archive.ar;
			path = libFreshdeskSDK.a;
			remoteRef = 356F1A371B9DC541002F1E2A /* PBXContainerItemProxy */;
			sourceTree = BUILT_PRODUCTS_DIR;
		};
		356F1A3A1B9DC541002F1E2A /* MHModel.bundle */ = {
			isa = PBXReferenceProxy;
			fileType = wrapper.cfbundle;
			path = MHModel.bundle;
			remoteRef = 356F1A391B9DC541002F1E2A /* PBXContainerItemProxy */;
			sourceTree = BUILT_PRODUCTS_DIR;
		};
		356F1A3C1B9DC541002F1E2A /* FreshdeskSDKTests.xctest */ = {
			isa = PBXReferenceProxy;
			fileType = wrapper.cfbundle;
			path = FreshdeskSDKTests.xctest;
			remoteRef = 356F1A3B1B9DC541002F1E2A /* PBXContainerItemProxy */;
			sourceTree = BUILT_PRODUCTS_DIR;
		};
		358DD4E81BB012CA00B36E4E /* HotlineDB.bundle */ = {
			isa = PBXReferenceProxy;
			fileType = wrapper.cfbundle;
			path = HotlineDB.bundle;
			remoteRef = 358DD4E71BB012CA00B36E4E /* PBXContainerItemProxy */;
			sourceTree = BUILT_PRODUCTS_DIR;
		};
		358DD4F81BB01A6900B36E4E /* KonotorModels.bundle */ = {
			isa = PBXReferenceProxy;
			fileType = wrapper.cfbundle;
			path = KonotorModels.bundle;
			remoteRef = 358DD4F71BB01A6900B36E4E /* PBXContainerItemProxy */;
			sourceTree = BUILT_PRODUCTS_DIR;
		};
/* End PBXReferenceProxy section */

/* Begin PBXResourcesBuildPhase section */
		356F19E51B9DBF14002F1E2A /* Resources */ = {
			isa = PBXResourcesBuildPhase;
			buildActionMask = 2147483647;
			files = (
				CE1064A21BC6780700922494 /* message.png in Resources */,
				35ED5F1E1BB3EA4600E0052D /* konotor_progress_blue@2x.png in Resources */,
				35ED5F1C1BB3EA4600E0052D /* konotor_progress_black@2x.png in Resources */,
				35ED5F091BB3EA4600E0052D /* konotor_cam.png in Resources */,
				355AE77D1B9DD42400E8999C /* MHResources.bundle in Resources */,
				35ED5F2B1BB3EA4600E0052D /* KonotorFeedbackScreenViewController.xib in Resources */,
				35ED5F121BB3EA4600E0052D /* konotor_cross@2x.png in Resources */,
				35ED5F281BB3EA4600E0052D /* konotor_uploading@2x.png in Resources */,
				35ED5F151BB3EA4600E0052D /* konotor_placeholder.png in Resources */,
				35ED5F1B1BB3EA4600E0052D /* konotor_progress_black.png in Resources */,
				35ED5F2A1BB3EA4600E0052D /* KonotorConversationViewController.xib in Resources */,
				35ED5F201BB3EA4600E0052D /* konotor_sent@2x.png in Resources */,
				35ED5F0D1BB3EA4600E0052D /* konotor_chatbubble_ios7_other.png in Resources */,
				35ED5F0B1BB3EA4600E0052D /* konotor_cancel.png in Resources */,
				35ED5F0C1BB3EA4600E0052D /* konotor_cancel@2x.png in Resources */,
				35ED5F0F1BB3EA4600E0052D /* konotor_chatbubble_ios7_you.png in Resources */,
				35ED5F061BB3EA4600E0052D /* HLResources.bundle in Resources */,
				35ED5F081BB3EA4600E0052D /* konotor_back@2x.png in Resources */,
				35ED5F231BB3EA4600E0052D /* konotor_stop.png in Resources */,
				356F19F61B9DBF14002F1E2A /* Main.storyboard in Resources */,
				356F19FB1B9DBF14002F1E2A /* LaunchScreen.xib in Resources */,
				35ED5F051BB3EA4600E0052D /* HLLocalizable.strings in Resources */,
				35ED5F191BB3EA4600E0052D /* konotor_profile.png in Resources */,
				35ED5F0E1BB3EA4600E0052D /* konotor_chatbubble_ios7_other@2x.png in Resources */,
				35ED5F0A1BB3EA4600E0052D /* konotor_cam@2x.png in Resources */,
				35ED5F1D1BB3EA4600E0052D /* konotor_progress_blue.png in Resources */,
				35ED5F131BB3EA4600E0052D /* konotor_mic.png in Resources */,
				355AE77B1B9DD42400E8999C /* MHLocalizable.strings in Resources */,
				35ED5F251BB3EA4600E0052D /* konotor_supportprofile.png in Resources */,
				35ED5F111BB3EA4600E0052D /* konotor_cross.png in Resources */,
				35ED5F211BB3EA4600E0052D /* konotor_share.png in Resources */,
				355AE77C1B9DD42400E8999C /* MHModel.bundle in Resources */,
				35ED5F241BB3EA4600E0052D /* konotor_stop@2x.png in Resources */,
				35ED5F101BB3EA4600E0052D /* konotor_chatbubble_ios7_you@2x.png in Resources */,
				35ED5F171BB3EA4600E0052D /* konotor_play.png in Resources */,
				CE9D4D311BCE7341006F2E66 /* KonotorModels.bundle in Resources */,
				35ED5F141BB3EA4600E0052D /* konotor_mic@2x.png in Resources */,
				35ED5F161BB3EA4600E0052D /* konotor_placeholder@2x.png in Resources */,
				356F19F81B9DBF14002F1E2A /* Images.xcassets in Resources */,
				35ED5F071BB3EA4600E0052D /* konotor_back.png in Resources */,
				35ED5F271BB3EA4600E0052D /* konotor_uploading.png in Resources */,
				CE10648C1BC54C9300922494 /* loading.png in Resources */,
				35ED5F261BB3EA4600E0052D /* konotor_supportprofile@2x.png in Resources */,
				35ED5F181BB3EA4600E0052D /* konotor_play@2x.png in Resources */,
				35ED5F1A1BB3EA4600E0052D /* konotor_profile@2x.png in Resources */,
				35ED5F1F1BB3EA4600E0052D /* konotor_sent.png in Resources */,
				35ED5F221BB3EA4600E0052D /* konotor_share@2x.png in Resources */,
			);
			runOnlyForDeploymentPostprocessing = 0;
		};
		356F19FE1B9DBF14002F1E2A /* Resources */ = {
			isa = PBXResourcesBuildPhase;
			buildActionMask = 2147483647;
			files = (
			);
			runOnlyForDeploymentPostprocessing = 0;
		};
/* End PBXResourcesBuildPhase section */

/* Begin PBXSourcesBuildPhase section */
		356F19E31B9DBF14002F1E2A /* Sources */ = {
			isa = PBXSourcesBuildPhase;
			buildActionMask = 2147483647;
			files = (
				35D707161BE2498B0035FD74 /* FDSettingsController.m in Sources */,
				356F19F31B9DBF14002F1E2A /* ViewController.m in Sources */,
				356F19F01B9DBF14002F1E2A /* AppDelegate.m in Sources */,
				356F19ED1B9DBF14002F1E2A /* main.m in Sources */,
			);
			runOnlyForDeploymentPostprocessing = 0;
		};
		356F19FC1B9DBF14002F1E2A /* Sources */ = {
			isa = PBXSourcesBuildPhase;
			buildActionMask = 2147483647;
			files = (
				356F1A071B9DBF14002F1E2A /* HotlineTests.m in Sources */,
			);
			runOnlyForDeploymentPostprocessing = 0;
		};
/* End PBXSourcesBuildPhase section */

/* Begin PBXTargetDependency section */
		35591BA81B9EDF0900BC0B60 /* PBXTargetDependency */ = {
			isa = PBXTargetDependency;
			name = HotlineSDK;
			targetProxy = 35591BA71B9EDF0900BC0B60 /* PBXContainerItemProxy */;
		};
		356F1A021B9DBF14002F1E2A /* PBXTargetDependency */ = {
			isa = PBXTargetDependency;
			target = 356F19E61B9DBF14002F1E2A /* Hotline */;
			targetProxy = 356F1A011B9DBF14002F1E2A /* PBXContainerItemProxy */;
		};
/* End PBXTargetDependency section */

/* Begin PBXVariantGroup section */
		355AE7771B9DD42400E8999C /* MHLocalizable.strings */ = {
			isa = PBXVariantGroup;
			children = (
				355AE7781B9DD42400E8999C /* en */,
			);
			name = MHLocalizable.strings;
			sourceTree = "<group>";
		};
		356F19F41B9DBF14002F1E2A /* Main.storyboard */ = {
			isa = PBXVariantGroup;
			children = (
				356F19F51B9DBF14002F1E2A /* Base */,
			);
			name = Main.storyboard;
			sourceTree = "<group>";
		};
		356F19F91B9DBF14002F1E2A /* LaunchScreen.xib */ = {
			isa = PBXVariantGroup;
			children = (
				356F19FA1B9DBF14002F1E2A /* Base */,
			);
			name = LaunchScreen.xib;
			sourceTree = "<group>";
		};
		35ED5EDB1BB3EA4600E0052D /* HLLocalizable.strings */ = {
			isa = PBXVariantGroup;
			children = (
				35ED5EDC1BB3EA4600E0052D /* en */,
			);
			name = HLLocalizable.strings;
			sourceTree = "<group>";
		};
/* End PBXVariantGroup section */

/* Begin XCBuildConfiguration section */
		356F1A081B9DBF14002F1E2A /* Debug */ = {
			isa = XCBuildConfiguration;
			buildSettings = {
				ALWAYS_SEARCH_USER_PATHS = NO;
				CLANG_CXX_LANGUAGE_STANDARD = "gnu++0x";
				CLANG_CXX_LIBRARY = "libc++";
				CLANG_ENABLE_MODULES = YES;
				CLANG_ENABLE_OBJC_ARC = YES;
				CLANG_WARN_BOOL_CONVERSION = YES;
				CLANG_WARN_CONSTANT_CONVERSION = YES;
				CLANG_WARN_DIRECT_OBJC_ISA_USAGE = YES_ERROR;
				CLANG_WARN_EMPTY_BODY = YES;
				CLANG_WARN_ENUM_CONVERSION = YES;
				CLANG_WARN_INT_CONVERSION = YES;
				CLANG_WARN_OBJC_ROOT_CLASS = YES_ERROR;
				CLANG_WARN_UNREACHABLE_CODE = YES;
				CLANG_WARN__DUPLICATE_METHOD_MATCH = YES;
				"CODE_SIGN_IDENTITY[sdk=iphoneos*]" = "iPhone Developer";
				COPY_PHASE_STRIP = NO;
				DEBUG_INFORMATION_FORMAT = "dwarf-with-dsym";
				ENABLE_STRICT_OBJC_MSGSEND = YES;
				ENABLE_TESTABILITY = YES;
				GCC_C_LANGUAGE_STANDARD = gnu99;
				GCC_DYNAMIC_NO_PIC = NO;
				GCC_NO_COMMON_BLOCKS = YES;
				GCC_OPTIMIZATION_LEVEL = 0;
				GCC_PREPROCESSOR_DEFINITIONS = (
					"DEBUG=1",
					"$(inherited)",
				);
				GCC_SYMBOLS_PRIVATE_EXTERN = NO;
				GCC_WARN_64_TO_32_BIT_CONVERSION = YES;
				GCC_WARN_ABOUT_RETURN_TYPE = YES_ERROR;
				GCC_WARN_UNDECLARED_SELECTOR = YES;
				GCC_WARN_UNINITIALIZED_AUTOS = YES_AGGRESSIVE;
				GCC_WARN_UNUSED_FUNCTION = YES;
				GCC_WARN_UNUSED_VARIABLE = YES;
				IPHONEOS_DEPLOYMENT_TARGET = 8.4;
				MTL_ENABLE_DEBUG_INFO = YES;
				ONLY_ACTIVE_ARCH = YES;
				SDKROOT = iphoneos;
				TARGETED_DEVICE_FAMILY = "1,2";
			};
			name = Debug;
		};
		356F1A091B9DBF14002F1E2A /* Release */ = {
			isa = XCBuildConfiguration;
			buildSettings = {
				ALWAYS_SEARCH_USER_PATHS = NO;
				CLANG_CXX_LANGUAGE_STANDARD = "gnu++0x";
				CLANG_CXX_LIBRARY = "libc++";
				CLANG_ENABLE_MODULES = YES;
				CLANG_ENABLE_OBJC_ARC = YES;
				CLANG_WARN_BOOL_CONVERSION = YES;
				CLANG_WARN_CONSTANT_CONVERSION = YES;
				CLANG_WARN_DIRECT_OBJC_ISA_USAGE = YES_ERROR;
				CLANG_WARN_EMPTY_BODY = YES;
				CLANG_WARN_ENUM_CONVERSION = YES;
				CLANG_WARN_INT_CONVERSION = YES;
				CLANG_WARN_OBJC_ROOT_CLASS = YES_ERROR;
				CLANG_WARN_UNREACHABLE_CODE = YES;
				CLANG_WARN__DUPLICATE_METHOD_MATCH = YES;
				"CODE_SIGN_IDENTITY[sdk=iphoneos*]" = "iPhone Developer";
				COPY_PHASE_STRIP = NO;
				DEBUG_INFORMATION_FORMAT = "dwarf-with-dsym";
				ENABLE_NS_ASSERTIONS = NO;
				ENABLE_STRICT_OBJC_MSGSEND = YES;
				GCC_C_LANGUAGE_STANDARD = gnu99;
				GCC_NO_COMMON_BLOCKS = YES;
				GCC_WARN_64_TO_32_BIT_CONVERSION = YES;
				GCC_WARN_ABOUT_RETURN_TYPE = YES_ERROR;
				GCC_WARN_UNDECLARED_SELECTOR = YES;
				GCC_WARN_UNINITIALIZED_AUTOS = YES_AGGRESSIVE;
				GCC_WARN_UNUSED_FUNCTION = YES;
				GCC_WARN_UNUSED_VARIABLE = YES;
				IPHONEOS_DEPLOYMENT_TARGET = 8.4;
				MTL_ENABLE_DEBUG_INFO = NO;
				SDKROOT = iphoneos;
				TARGETED_DEVICE_FAMILY = "1,2";
				VALIDATE_PRODUCT = YES;
			};
			name = Release;
		};
		356F1A0B1B9DBF14002F1E2A /* Debug */ = {
			isa = XCBuildConfiguration;
			buildSettings = {
				ASSETCATALOG_COMPILER_APPICON_NAME = AppIcon;
				CODE_SIGN_IDENTITY = "iPhone Developer";
				"CODE_SIGN_IDENTITY[sdk=iphoneos*]" = "iPhone Developer";
				ENABLE_BITCODE = YES;
				INFOPLIST_FILE = Hotline/Info.plist;
				IPHONEOS_DEPLOYMENT_TARGET = 7.0;
				LD_RUNPATH_SEARCH_PATHS = "$(inherited) @executable_path/Frameworks";
				ONLY_ACTIVE_ARCH = YES;
				PRODUCT_BUNDLE_IDENTIFIER = com.freshdesk.Hotline;
				PRODUCT_NAME = "$(TARGET_NAME)";
				PROVISIONING_PROFILE = "";
			};
			name = Debug;
		};
		356F1A0C1B9DBF14002F1E2A /* Release */ = {
			isa = XCBuildConfiguration;
			buildSettings = {
				ASSETCATALOG_COMPILER_APPICON_NAME = AppIcon;
				CODE_SIGN_IDENTITY = "iPhone Developer";
				"CODE_SIGN_IDENTITY[sdk=iphoneos*]" = "iPhone Developer";
				ENABLE_BITCODE = YES;
				INFOPLIST_FILE = Hotline/Info.plist;
				IPHONEOS_DEPLOYMENT_TARGET = 7.0;
				LD_RUNPATH_SEARCH_PATHS = "$(inherited) @executable_path/Frameworks";
				ONLY_ACTIVE_ARCH = YES;
				PRODUCT_BUNDLE_IDENTIFIER = com.freshdesk.Hotline;
				PRODUCT_NAME = "$(TARGET_NAME)";
				PROVISIONING_PROFILE = "";
			};
			name = Release;
		};
		356F1A0E1B9DBF14002F1E2A /* Debug */ = {
			isa = XCBuildConfiguration;
			buildSettings = {
				BUNDLE_LOADER = "$(TEST_HOST)";
				FRAMEWORK_SEARCH_PATHS = (
					"$(SDKROOT)/Developer/Library/Frameworks",
					"$(inherited)",
				);
				GCC_PREPROCESSOR_DEFINITIONS = (
					"DEBUG=1",
					"$(inherited)",
				);
				INFOPLIST_FILE = HotlineTests/Info.plist;
				LD_RUNPATH_SEARCH_PATHS = "$(inherited) @executable_path/Frameworks @loader_path/Frameworks";
				PRODUCT_BUNDLE_IDENTIFIER = "Freshdesk.$(PRODUCT_NAME:rfc1034identifier)";
				PRODUCT_NAME = "$(TARGET_NAME)";
				TEST_HOST = "$(BUILT_PRODUCTS_DIR)/Hotline.app/Hotline";
			};
			name = Debug;
		};
		356F1A0F1B9DBF14002F1E2A /* Release */ = {
			isa = XCBuildConfiguration;
			buildSettings = {
				BUNDLE_LOADER = "$(TEST_HOST)";
				FRAMEWORK_SEARCH_PATHS = (
					"$(SDKROOT)/Developer/Library/Frameworks",
					"$(inherited)",
				);
				INFOPLIST_FILE = HotlineTests/Info.plist;
				LD_RUNPATH_SEARCH_PATHS = "$(inherited) @executable_path/Frameworks @loader_path/Frameworks";
				PRODUCT_BUNDLE_IDENTIFIER = "Freshdesk.$(PRODUCT_NAME:rfc1034identifier)";
				PRODUCT_NAME = "$(TARGET_NAME)";
				TEST_HOST = "$(BUILT_PRODUCTS_DIR)/Hotline.app/Hotline";
			};
			name = Release;
		};
/* End XCBuildConfiguration section */

/* Begin XCConfigurationList section */
		356F19E21B9DBF14002F1E2A /* Build configuration list for PBXProject "Hotline" */ = {
			isa = XCConfigurationList;
			buildConfigurations = (
				356F1A081B9DBF14002F1E2A /* Debug */,
				356F1A091B9DBF14002F1E2A /* Release */,
			);
			defaultConfigurationIsVisible = 0;
			defaultConfigurationName = Release;
		};
		356F1A0A1B9DBF14002F1E2A /* Build configuration list for PBXNativeTarget "Hotline" */ = {
			isa = XCConfigurationList;
			buildConfigurations = (
				356F1A0B1B9DBF14002F1E2A /* Debug */,
				356F1A0C1B9DBF14002F1E2A /* Release */,
			);
			defaultConfigurationIsVisible = 0;
			defaultConfigurationName = Release;
		};
		356F1A0D1B9DBF14002F1E2A /* Build configuration list for PBXNativeTarget "HotlineTests" */ = {
			isa = XCConfigurationList;
			buildConfigurations = (
				356F1A0E1B9DBF14002F1E2A /* Debug */,
				356F1A0F1B9DBF14002F1E2A /* Release */,
			);
			defaultConfigurationIsVisible = 0;
			defaultConfigurationName = Release;
		};
/* End XCConfigurationList section */
	};
	rootObject = 356F19DF1B9DBF14002F1E2A /* Project object */;
}
