// !$*UTF8*$!
{
	archiveVersion = 1;
	classes = {
	};
	objectVersion = 46;
	objects = {

/* Begin PBXAggregateTarget section */
		35E56EDF1C7CC6420089CEFB /* Documentation */ = {
			isa = PBXAggregateTarget;
			buildConfigurationList = 35E56EE21C7CC6420089CEFB /* Build configuration list for PBXAggregateTarget "Documentation" */;
			buildPhases = (
				35E56EE31C7CC6500089CEFB /* ShellScript */,
			);
			dependencies = (
			);
			name = Documentation;
			productName = Documentation;
		};
/* End PBXAggregateTarget section */

/* Begin PBXBuildFile section */
		35B2EF7F1D000E620014867F /* FDAttachmentImageController.m in Sources */ = {isa = PBXBuildFile; fileRef = 35B2EEBE1D000E620014867F /* FDAttachmentImageController.m */; };
		35B2EF801D000E620014867F /* FDImagePreviewController.m in Sources */ = {isa = PBXBuildFile; fileRef = 35B2EEC01D000E620014867F /* FDImagePreviewController.m */; };
		35B2EF811D000E620014867F /* FDMessageController.m in Sources */ = {isa = PBXBuildFile; fileRef = 35B2EEC21D000E620014867F /* FDMessageController.m */; };
		35B2EF821D000E620014867F /* HLArticleDetailViewController.m in Sources */ = {isa = PBXBuildFile; fileRef = 35B2EEC41D000E620014867F /* HLArticleDetailViewController.m */; };
		35B2EF831D000E620014867F /* HLArticlesController.m in Sources */ = {isa = PBXBuildFile; fileRef = 35B2EEC61D000E620014867F /* HLArticlesController.m */; };
		35B2EF841D000E620014867F /* HLCategoriesListController.m in Sources */ = {isa = PBXBuildFile; fileRef = 35B2EEC81D000E620014867F /* HLCategoriesListController.m */; };
		35B2EF851D000E620014867F /* HLCategoryGridViewController.m in Sources */ = {isa = PBXBuildFile; fileRef = 35B2EECA1D000E620014867F /* HLCategoryGridViewController.m */; };
		35B2EF861D000E620014867F /* HLChannelViewController.m in Sources */ = {isa = PBXBuildFile; fileRef = 35B2EECC1D000E620014867F /* HLChannelViewController.m */; };
		35B2EF871D000E620014867F /* HLContainerController.m in Sources */ = {isa = PBXBuildFile; fileRef = 35B2EECE1D000E620014867F /* HLContainerController.m */; };
		35B2EF881D000E620014867F /* HLListViewController.m in Sources */ = {isa = PBXBuildFile; fileRef = 35B2EED01D000E620014867F /* HLListViewController.m */; };
		35B2EF891D000E620014867F /* HLSearchViewController.m in Sources */ = {isa = PBXBuildFile; fileRef = 35B2EED21D000E620014867F /* HLSearchViewController.m */; };
		35B2EF8A1D000E620014867F /* HLViewController.m in Sources */ = {isa = PBXBuildFile; fileRef = 35B2EED41D000E620014867F /* HLViewController.m */; };
		35B2EF8B1D000E620014867F /* KonotorImageInput.m in Sources */ = {isa = PBXBuildFile; fileRef = 35B2EED61D000E620014867F /* KonotorImageInput.m */; };
		35B2EF8C1D000E620014867F /* HLNotificationHandler.m in Sources */ = {isa = PBXBuildFile; fileRef = 35B2EED81D000E620014867F /* HLNotificationHandler.m */; };
		35B2EF8D1D000E620014867F /* Hotline.m in Sources */ = {isa = PBXBuildFile; fileRef = 35B2EEDA1D000E620014867F /* Hotline.m */; };
		35B2EF8E1D000E620014867F /* HotlineConfig.m in Sources */ = {isa = PBXBuildFile; fileRef = 35B2EEDB1D000E620014867F /* HotlineConfig.m */; };
		35B2EF8F1D000E620014867F /* HotlineUser.m in Sources */ = {isa = PBXBuildFile; fileRef = 35B2EEDD1D000E620014867F /* HotlineUser.m */; };
		35B2EF901D000E620014867F /* Konotor.m in Sources */ = {isa = PBXBuildFile; fileRef = 35B2EEDF1D000E620014867F /* Konotor.m */; };
		35B2EF911D000E620014867F /* FDArticleContent.m in Sources */ = {isa = PBXBuildFile; fileRef = 35B2EEE21D000E620014867F /* FDArticleContent.m */; };
		35B2EF921D000E620014867F /* FDIndex.m in Sources */ = {isa = PBXBuildFile; fileRef = 35B2EEE41D000E620014867F /* FDIndex.m */; };
		35B2EF931D000E620014867F /* HLArticle.m in Sources */ = {isa = PBXBuildFile; fileRef = 35B2EEE61D000E620014867F /* HLArticle.m */; };
		35B2EF941D000E620014867F /* HLCategory.m in Sources */ = {isa = PBXBuildFile; fileRef = 35B2EEE81D000E620014867F /* HLCategory.m */; };
		35B2EF951D000E620014867F /* HLChannel.m in Sources */ = {isa = PBXBuildFile; fileRef = 35B2EEEA1D000E620014867F /* HLChannel.m */; };
		35B2EF961D000E620014867F /* KonotorConversation.m in Sources */ = {isa = PBXBuildFile; fileRef = 35B2EEEC1D000E620014867F /* KonotorConversation.m */; };
		35B2EF971D000E620014867F /* KonotorCustomProperty.m in Sources */ = {isa = PBXBuildFile; fileRef = 35B2EEEE1D000E620014867F /* KonotorCustomProperty.m */; };
		35B2EF981D000E620014867F /* KonotorDataManager.m in Sources */ = {isa = PBXBuildFile; fileRef = 35B2EEF01D000E620014867F /* KonotorDataManager.m */; };
		35B2EF991D000E620014867F /* KonotorMessage.m in Sources */ = {isa = PBXBuildFile; fileRef = 35B2EEF21D000E620014867F /* KonotorMessage.m */; };
		35B2EF9A1D000E620014867F /* KonotorMessageBinary.m in Sources */ = {isa = PBXBuildFile; fileRef = 35B2EEF41D000E620014867F /* KonotorMessageBinary.m */; };
		35B2EF9C1D000E620014867F /* KonotorUser.m in Sources */ = {isa = PBXBuildFile; fileRef = 35B2EF0D1D000E620014867F /* KonotorUser.m */; };
		35B2EF9D1D000E620014867F /* FDChannelUpdater.m in Sources */ = {isa = PBXBuildFile; fileRef = 35B2EF111D000E620014867F /* FDChannelUpdater.m */; };
		35B2EF9E1D000E620014867F /* FDDataUpdaterWithInterval.m in Sources */ = {isa = PBXBuildFile; fileRef = 35B2EF131D000E620014867F /* FDDataUpdaterWithInterval.m */; };
		35B2EF9F1D000E620014867F /* FDDAUUpdater.m in Sources */ = {isa = PBXBuildFile; fileRef = 35B2EF151D000E620014867F /* FDDAUUpdater.m */; };
		35B2EFA01D000E620014867F /* FDMessagesUpdater.m in Sources */ = {isa = PBXBuildFile; fileRef = 35B2EF171D000E620014867F /* FDMessagesUpdater.m */; };
		35B2EFA11D000E620014867F /* FDSolutionUpdater.m in Sources */ = {isa = PBXBuildFile; fileRef = 35B2EF191D000E620014867F /* FDSolutionUpdater.m */; };
		35B2EFA21D000E620014867F /* FDIconDownloader.m in Sources */ = {isa = PBXBuildFile; fileRef = 35B2EF1B1D000E620014867F /* FDIconDownloader.m */; };
		35B2EFA31D000E620014867F /* FDResponseInfo.m in Sources */ = {isa = PBXBuildFile; fileRef = 35B2EF1D1D000E620014867F /* FDResponseInfo.m */; };
		35B2EFA41D000E620014867F /* HLAPIClient.m in Sources */ = {isa = PBXBuildFile; fileRef = 35B2EF201D000E620014867F /* HLAPIClient.m */; };
		35B2EFA51D000E620014867F /* HLCoreServices.m in Sources */ = {isa = PBXBuildFile; fileRef = 35B2EF231D000E620014867F /* HLCoreServices.m */; };
		35B2EFA61D000E620014867F /* HLFAQServices.m in Sources */ = {isa = PBXBuildFile; fileRef = 35B2EF251D000E620014867F /* HLFAQServices.m */; };
		35B2EFA71D000E620014867F /* HLMessageServices.m in Sources */ = {isa = PBXBuildFile; fileRef = 35B2EF271D000E620014867F /* HLMessageServices.m */; };
		35B2EFA81D000E620014867F /* HLServiceRequest.m in Sources */ = {isa = PBXBuildFile; fileRef = 35B2EF291D000E620014867F /* HLServiceRequest.m */; };
		35B2EFA91D000E620014867F /* FDAutolayoutHelper.m in Sources */ = {isa = PBXBuildFile; fileRef = 35B2EF2C1D000E620014867F /* FDAutolayoutHelper.m */; };
		35B2EFAA1D000E620014867F /* FDBackgroundTaskManager.m in Sources */ = {isa = PBXBuildFile; fileRef = 35B2EF2E1D000E620014867F /* FDBackgroundTaskManager.m */; };
		35B2EFAB1D000E620014867F /* FDDateUtil.m in Sources */ = {isa = PBXBuildFile; fileRef = 35B2EF301D000E620014867F /* FDDateUtil.m */; };
		35B2EFAC1D000E620014867F /* FDIndexManager.m in Sources */ = {isa = PBXBuildFile; fileRef = 35B2EF321D000E620014867F /* FDIndexManager.m */; };
		35B2EFAD1D000E620014867F /* FDMemLogger.m in Sources */ = {isa = PBXBuildFile; fileRef = 35B2EF351D000E620014867F /* FDMemLogger.m */; };
		35B2EFAE1D000E620014867F /* FDRanking.m in Sources */ = {isa = PBXBuildFile; fileRef = 35B2EF371D000E620014867F /* FDRanking.m */; };
		35B2EFAF1D000E620014867F /* FDReachabilityManager.m in Sources */ = {isa = PBXBuildFile; fileRef = 35B2EF391D000E620014867F /* FDReachabilityManager.m */; };
		35B2EFB01D000E620014867F /* FDSecureStore.m in Sources */ = {isa = PBXBuildFile; fileRef = 35B2EF3B1D000E620014867F /* FDSecureStore.m */; };
		35B2EFB11D000E620014867F /* FDStringUtil.m in Sources */ = {isa = PBXBuildFile; fileRef = 35B2EF3D1D000E620014867F /* FDStringUtil.m */; };
		35B2EFB21D000E620014867F /* FDUtilities.m in Sources */ = {isa = PBXBuildFile; fileRef = 35B2EF401D000E620014867F /* FDUtilities.m */; };
		35B2EFB31D000E620014867F /* FDVotingManager.m in Sources */ = {isa = PBXBuildFile; fileRef = 35B2EF421D000E620014867F /* FDVotingManager.m */; };
		35B2EFB41D000E620014867F /* HLLocalization.m in Sources */ = {isa = PBXBuildFile; fileRef = 35B2EF451D000E620014867F /* HLLocalization.m */; };
		35B2EFB51D000E620014867F /* HLTheme.m in Sources */ = {isa = PBXBuildFile; fileRef = 35B2EF481D000E620014867F /* HLTheme.m */; };
		35B2EFB61D000E620014867F /* HotlineAppState.m in Sources */ = {isa = PBXBuildFile; fileRef = 35B2EF4B1D000E620014867F /* HotlineAppState.m */; };
		35B2EFB71D000E620014867F /* KonotorAudioPlayer.m in Sources */ = {isa = PBXBuildFile; fileRef = 35B2EF4D1D000E620014867F /* KonotorAudioPlayer.m */; };
		35B2EFB81D000E620014867F /* KonotorAudioRecorder.m in Sources */ = {isa = PBXBuildFile; fileRef = 35B2EF4F1D000E620014867F /* KonotorAudioRecorder.m */; };
		35B2EFB91D000E620014867F /* FDArticleListCell.m in Sources */ = {isa = PBXBuildFile; fileRef = 35B2EF521D000E620014867F /* FDArticleListCell.m */; };
		35B2EFBA1D000E620014867F /* FDBadgeView.m in Sources */ = {isa = PBXBuildFile; fileRef = 35B2EF541D000E620014867F /* FDBadgeView.m */; };
		35B2EFBB1D000E620014867F /* FDBarButtonItem.m in Sources */ = {isa = PBXBuildFile; fileRef = 35B2EF561D000E620014867F /* FDBarButtonItem.m */; };
		35B2EFBC1D000E620014867F /* FDCell.m in Sources */ = {isa = PBXBuildFile; fileRef = 35B2EF581D000E620014867F /* FDCell.m */; };
		35B2EFBD1D000E620014867F /* FDButton.m in Sources */ = {isa = PBXBuildFile; fileRef = 35B2EF5B1D000E620014867F /* FDButton.m */; };
		35B2EFBE1D000E620014867F /* FDSearchBar.m in Sources */ = {isa = PBXBuildFile; fileRef = 35B2EF5D1D000E620014867F /* FDSearchBar.m */; };
		35B2EFBF1D000E620014867F /* FDTableViewCell.m in Sources */ = {isa = PBXBuildFile; fileRef = 35B2EF5F1D000E620014867F /* FDTableViewCell.m */; };
		35B2EFC01D000E620014867F /* FDLabel.m in Sources */ = {isa = PBXBuildFile; fileRef = 35B2EF611D000E620014867F /* FDLabel.m */; };
		35B2EFC11D000E620014867F /* FDMarginalView.m in Sources */ = {isa = PBXBuildFile; fileRef = 35B2EF631D000E620014867F /* FDMarginalView.m */; };
		35B2EFC21D000E620014867F /* FDNotificationBanner.m in Sources */ = {isa = PBXBuildFile; fileRef = 35B2EF651D000E620014867F /* FDNotificationBanner.m */; };
		35B2EFC31D000E620014867F /* HLEmptyResultView.m in Sources */ = {isa = PBXBuildFile; fileRef = 35B2EF671D000E620014867F /* HLEmptyResultView.m */; };
		35B2EFC41D000E620014867F /* HLGridViewCell.m in Sources */ = {isa = PBXBuildFile; fileRef = 35B2EF691D000E620014867F /* HLGridViewCell.m */; };
		35B2EFC51D000E620014867F /* FDAudioMessageInputView.m in Sources */ = {isa = PBXBuildFile; fileRef = 35B2EF6C1D000E620014867F /* FDAudioMessageInputView.m */; };
		35B2EFC61D000E620014867F /* FDInputToolbarView.m in Sources */ = {isa = PBXBuildFile; fileRef = 35B2EF6E1D000E620014867F /* FDInputToolbarView.m */; };
		35B2EFC71D000E620014867F /* FDActionButton.m in Sources */ = {isa = PBXBuildFile; fileRef = 35B2EF711D000E620014867F /* FDActionButton.m */; };
		35B2EFC81D000E620014867F /* FDAudioMessageUnit.m in Sources */ = {isa = PBXBuildFile; fileRef = 35B2EF731D000E620014867F /* FDAudioMessageUnit.m */; };
		35B2EFC91D000E620014867F /* FDMessageCell.m in Sources */ = {isa = PBXBuildFile; fileRef = 35B2EF751D000E620014867F /* FDMessageCell.m */; };
		35B2EFCA1D000E620014867F /* FDPictureMessageView.m in Sources */ = {isa = PBXBuildFile; fileRef = 35B2EF771D000E620014867F /* FDPictureMessageView.m */; };
		35B2EFCB1D000E620014867F /* FDAlertView.m in Sources */ = {isa = PBXBuildFile; fileRef = 35B2EF7A1D000E620014867F /* FDAlertView.m */; };
		35B2EFCC1D000E620014867F /* FDPromptView.m in Sources */ = {isa = PBXBuildFile; fileRef = 35B2EF7C1D000E620014867F /* FDPromptView.m */; };
		35B2EFCD1D000E620014867F /* FDYesNoPromptView.m in Sources */ = {isa = PBXBuildFile; fileRef = 35B2EF7E1D000E620014867F /* FDYesNoPromptView.m */; };
		35B2EFD41D000EE80014867F /* FDReachability.m in Sources */ = {isa = PBXBuildFile; fileRef = 35B2EFD01D000EE80014867F /* FDReachability.m */; };
		35B2EFD51D000EE80014867F /* FDKeyChainStore.m in Sources */ = {isa = PBXBuildFile; fileRef = 35B2EFD31D000EE80014867F /* FDKeyChainStore.m */; };
/* End PBXBuildFile section */

/* Begin PBXCopyFilesBuildPhase section */
		35591AAC1B9ED58100BC0B60 /* CopyFiles */ = {
			isa = PBXCopyFilesBuildPhase;
			buildActionMask = 2147483647;
			dstPath = "include/${PRODUCT_NAME}";
			dstSubfolderSpec = 16;
			files = (
			);
			runOnlyForDeploymentPostprocessing = 0;
		};
/* End PBXCopyFilesBuildPhase section */

/* Begin PBXFileReference section */
		35591AB11B9ED58100BC0B60 /* libHotlineSDK.a */ = {isa = PBXFileReference; explicitFileType = archive.ar; includeInIndex = 0; path = libHotlineSDK.a; sourceTree = BUILT_PRODUCTS_DIR; };
		35591B741B9EDCCE00BC0B60 /* en */ = {isa = PBXFileReference; lastKnownFileType = text.plist.strings; name = en; path = en.lproj/InfoPlist.strings; sourceTree = "<group>"; };
		35591B751B9EDCCE00BC0B60 /* KonotorModels-Info.plist */ = {isa = PBXFileReference; fileEncoding = 4; lastKnownFileType = text.plist.xml; path = "KonotorModels-Info.plist"; sourceTree = "<group>"; };
		35591B761B9EDCCE00BC0B60 /* KonotorModels-Prefix.pch */ = {isa = PBXFileReference; fileEncoding = 4; lastKnownFileType = sourcecode.c.h; path = "KonotorModels-Prefix.pch"; sourceTree = "<group>"; };
		358DD4EE1BB01A2100B36E4E /* KonotorModels.bundle */ = {isa = PBXFileReference; explicitFileType = wrapper.cfbundle; includeInIndex = 0; path = KonotorModels.bundle; sourceTree = BUILT_PRODUCTS_DIR; };
		358DD4F11BB01A2100B36E4E /* Info.plist */ = {isa = PBXFileReference; lastKnownFileType = text.plist.xml; path = Info.plist; sourceTree = "<group>"; };
		35B2EEBD1D000E620014867F /* FDAttachmentImageController.h */ = {isa = PBXFileReference; fileEncoding = 4; lastKnownFileType = sourcecode.c.h; path = FDAttachmentImageController.h; sourceTree = "<group>"; };
		35B2EEBE1D000E620014867F /* FDAttachmentImageController.m */ = {isa = PBXFileReference; fileEncoding = 4; lastKnownFileType = sourcecode.c.objc; path = FDAttachmentImageController.m; sourceTree = "<group>"; };
		35B2EEBF1D000E620014867F /* FDImagePreviewController.h */ = {isa = PBXFileReference; fileEncoding = 4; lastKnownFileType = sourcecode.c.h; path = FDImagePreviewController.h; sourceTree = "<group>"; };
		35B2EEC01D000E620014867F /* FDImagePreviewController.m */ = {isa = PBXFileReference; fileEncoding = 4; lastKnownFileType = sourcecode.c.objc; path = FDImagePreviewController.m; sourceTree = "<group>"; };
		35B2EEC11D000E620014867F /* FDMessageController.h */ = {isa = PBXFileReference; fileEncoding = 4; lastKnownFileType = sourcecode.c.h; path = FDMessageController.h; sourceTree = "<group>"; };
		35B2EEC21D000E620014867F /* FDMessageController.m */ = {isa = PBXFileReference; fileEncoding = 4; lastKnownFileType = sourcecode.c.objc; path = FDMessageController.m; sourceTree = "<group>"; };
		35B2EEC31D000E620014867F /* HLArticleDetailViewController.h */ = {isa = PBXFileReference; fileEncoding = 4; lastKnownFileType = sourcecode.c.h; path = HLArticleDetailViewController.h; sourceTree = "<group>"; };
		35B2EEC41D000E620014867F /* HLArticleDetailViewController.m */ = {isa = PBXFileReference; fileEncoding = 4; lastKnownFileType = sourcecode.c.objc; path = HLArticleDetailViewController.m; sourceTree = "<group>"; };
		35B2EEC51D000E620014867F /* HLArticlesController.h */ = {isa = PBXFileReference; fileEncoding = 4; lastKnownFileType = sourcecode.c.h; path = HLArticlesController.h; sourceTree = "<group>"; };
		35B2EEC61D000E620014867F /* HLArticlesController.m */ = {isa = PBXFileReference; fileEncoding = 4; lastKnownFileType = sourcecode.c.objc; path = HLArticlesController.m; sourceTree = "<group>"; };
		35B2EEC71D000E620014867F /* HLCategoriesListController.h */ = {isa = PBXFileReference; fileEncoding = 4; lastKnownFileType = sourcecode.c.h; path = HLCategoriesListController.h; sourceTree = "<group>"; };
		35B2EEC81D000E620014867F /* HLCategoriesListController.m */ = {isa = PBXFileReference; fileEncoding = 4; lastKnownFileType = sourcecode.c.objc; path = HLCategoriesListController.m; sourceTree = "<group>"; };
		35B2EEC91D000E620014867F /* HLCategoryGridViewController.h */ = {isa = PBXFileReference; fileEncoding = 4; lastKnownFileType = sourcecode.c.h; path = HLCategoryGridViewController.h; sourceTree = "<group>"; };
		35B2EECA1D000E620014867F /* HLCategoryGridViewController.m */ = {isa = PBXFileReference; fileEncoding = 4; lastKnownFileType = sourcecode.c.objc; path = HLCategoryGridViewController.m; sourceTree = "<group>"; };
		35B2EECB1D000E620014867F /* HLChannelViewController.h */ = {isa = PBXFileReference; fileEncoding = 4; lastKnownFileType = sourcecode.c.h; path = HLChannelViewController.h; sourceTree = "<group>"; };
		35B2EECC1D000E620014867F /* HLChannelViewController.m */ = {isa = PBXFileReference; fileEncoding = 4; lastKnownFileType = sourcecode.c.objc; path = HLChannelViewController.m; sourceTree = "<group>"; };
		35B2EECD1D000E620014867F /* HLContainerController.h */ = {isa = PBXFileReference; fileEncoding = 4; lastKnownFileType = sourcecode.c.h; path = HLContainerController.h; sourceTree = "<group>"; };
		35B2EECE1D000E620014867F /* HLContainerController.m */ = {isa = PBXFileReference; fileEncoding = 4; lastKnownFileType = sourcecode.c.objc; path = HLContainerController.m; sourceTree = "<group>"; };
		35B2EECF1D000E620014867F /* HLListViewController.h */ = {isa = PBXFileReference; fileEncoding = 4; lastKnownFileType = sourcecode.c.h; path = HLListViewController.h; sourceTree = "<group>"; };
		35B2EED01D000E620014867F /* HLListViewController.m */ = {isa = PBXFileReference; fileEncoding = 4; lastKnownFileType = sourcecode.c.objc; path = HLListViewController.m; sourceTree = "<group>"; };
		35B2EED11D000E620014867F /* HLSearchViewController.h */ = {isa = PBXFileReference; fileEncoding = 4; lastKnownFileType = sourcecode.c.h; path = HLSearchViewController.h; sourceTree = "<group>"; };
		35B2EED21D000E620014867F /* HLSearchViewController.m */ = {isa = PBXFileReference; fileEncoding = 4; lastKnownFileType = sourcecode.c.objc; path = HLSearchViewController.m; sourceTree = "<group>"; };
		35B2EED31D000E620014867F /* HLViewController.h */ = {isa = PBXFileReference; fileEncoding = 4; lastKnownFileType = sourcecode.c.h; path = HLViewController.h; sourceTree = "<group>"; };
		35B2EED41D000E620014867F /* HLViewController.m */ = {isa = PBXFileReference; fileEncoding = 4; lastKnownFileType = sourcecode.c.objc; path = HLViewController.m; sourceTree = "<group>"; };
		35B2EED51D000E620014867F /* KonotorImageInput.h */ = {isa = PBXFileReference; fileEncoding = 4; lastKnownFileType = sourcecode.c.h; path = KonotorImageInput.h; sourceTree = "<group>"; };
		35B2EED61D000E620014867F /* KonotorImageInput.m */ = {isa = PBXFileReference; fileEncoding = 4; lastKnownFileType = sourcecode.c.objc; path = KonotorImageInput.m; sourceTree = "<group>"; };
		35B2EED71D000E620014867F /* HLNotificationHandler.h */ = {isa = PBXFileReference; fileEncoding = 4; lastKnownFileType = sourcecode.c.h; path = HLNotificationHandler.h; sourceTree = "<group>"; };
		35B2EED81D000E620014867F /* HLNotificationHandler.m */ = {isa = PBXFileReference; fileEncoding = 4; lastKnownFileType = sourcecode.c.objc; path = HLNotificationHandler.m; sourceTree = "<group>"; };
		35B2EED91D000E620014867F /* Hotline.h */ = {isa = PBXFileReference; fileEncoding = 4; lastKnownFileType = sourcecode.c.h; path = Hotline.h; sourceTree = "<group>"; };
		35B2EEDA1D000E620014867F /* Hotline.m */ = {isa = PBXFileReference; fileEncoding = 4; lastKnownFileType = sourcecode.c.objc; path = Hotline.m; sourceTree = "<group>"; };
		35B2EEDB1D000E620014867F /* HotlineConfig.m */ = {isa = PBXFileReference; fileEncoding = 4; lastKnownFileType = sourcecode.c.objc; path = HotlineConfig.m; sourceTree = "<group>"; };
		35B2EEDC1D000E620014867F /* HotlineSDK-Prefix.pch */ = {isa = PBXFileReference; fileEncoding = 4; lastKnownFileType = sourcecode.c.h; path = "HotlineSDK-Prefix.pch"; sourceTree = "<group>"; };
		35B2EEDD1D000E620014867F /* HotlineUser.m */ = {isa = PBXFileReference; fileEncoding = 4; lastKnownFileType = sourcecode.c.objc; path = HotlineUser.m; sourceTree = "<group>"; };
		35B2EEDE1D000E620014867F /* Konotor.h */ = {isa = PBXFileReference; fileEncoding = 4; lastKnownFileType = sourcecode.c.h; path = Konotor.h; sourceTree = "<group>"; };
		35B2EEDF1D000E620014867F /* Konotor.m */ = {isa = PBXFileReference; fileEncoding = 4; lastKnownFileType = sourcecode.c.objc; path = Konotor.m; sourceTree = "<group>"; };
		35B2EEE11D000E620014867F /* FDArticleContent.h */ = {isa = PBXFileReference; fileEncoding = 4; lastKnownFileType = sourcecode.c.h; path = FDArticleContent.h; sourceTree = "<group>"; };
		35B2EEE21D000E620014867F /* FDArticleContent.m */ = {isa = PBXFileReference; fileEncoding = 4; lastKnownFileType = sourcecode.c.objc; path = FDArticleContent.m; sourceTree = "<group>"; };
		35B2EEE31D000E620014867F /* FDIndex.h */ = {isa = PBXFileReference; fileEncoding = 4; lastKnownFileType = sourcecode.c.h; path = FDIndex.h; sourceTree = "<group>"; };
		35B2EEE41D000E620014867F /* FDIndex.m */ = {isa = PBXFileReference; fileEncoding = 4; lastKnownFileType = sourcecode.c.objc; path = FDIndex.m; sourceTree = "<group>"; };
		35B2EEE51D000E620014867F /* HLArticle.h */ = {isa = PBXFileReference; fileEncoding = 4; lastKnownFileType = sourcecode.c.h; path = HLArticle.h; sourceTree = "<group>"; };
		35B2EEE61D000E620014867F /* HLArticle.m */ = {isa = PBXFileReference; fileEncoding = 4; lastKnownFileType = sourcecode.c.objc; path = HLArticle.m; sourceTree = "<group>"; };
		35B2EEE71D000E620014867F /* HLCategory.h */ = {isa = PBXFileReference; fileEncoding = 4; lastKnownFileType = sourcecode.c.h; path = HLCategory.h; sourceTree = "<group>"; };
		35B2EEE81D000E620014867F /* HLCategory.m */ = {isa = PBXFileReference; fileEncoding = 4; lastKnownFileType = sourcecode.c.objc; path = HLCategory.m; sourceTree = "<group>"; };
		35B2EEE91D000E620014867F /* HLChannel.h */ = {isa = PBXFileReference; fileEncoding = 4; lastKnownFileType = sourcecode.c.h; path = HLChannel.h; sourceTree = "<group>"; };
		35B2EEEA1D000E620014867F /* HLChannel.m */ = {isa = PBXFileReference; fileEncoding = 4; lastKnownFileType = sourcecode.c.objc; path = HLChannel.m; sourceTree = "<group>"; };
		35B2EEEB1D000E620014867F /* KonotorConversation.h */ = {isa = PBXFileReference; fileEncoding = 4; lastKnownFileType = sourcecode.c.h; path = KonotorConversation.h; sourceTree = "<group>"; };
		35B2EEEC1D000E620014867F /* KonotorConversation.m */ = {isa = PBXFileReference; fileEncoding = 4; lastKnownFileType = sourcecode.c.objc; path = KonotorConversation.m; sourceTree = "<group>"; };
		35B2EEED1D000E620014867F /* KonotorCustomProperty.h */ = {isa = PBXFileReference; fileEncoding = 4; lastKnownFileType = sourcecode.c.h; path = KonotorCustomProperty.h; sourceTree = "<group>"; };
		35B2EEEE1D000E620014867F /* KonotorCustomProperty.m */ = {isa = PBXFileReference; fileEncoding = 4; lastKnownFileType = sourcecode.c.objc; path = KonotorCustomProperty.m; sourceTree = "<group>"; };
		35B2EEEF1D000E620014867F /* KonotorDataManager.h */ = {isa = PBXFileReference; fileEncoding = 4; lastKnownFileType = sourcecode.c.h; path = KonotorDataManager.h; sourceTree = "<group>"; };
		35B2EEF01D000E620014867F /* KonotorDataManager.m */ = {isa = PBXFileReference; fileEncoding = 4; lastKnownFileType = sourcecode.c.objc; path = KonotorDataManager.m; sourceTree = "<group>"; };
		35B2EEF11D000E620014867F /* KonotorMessage.h */ = {isa = PBXFileReference; fileEncoding = 4; lastKnownFileType = sourcecode.c.h; path = KonotorMessage.h; sourceTree = "<group>"; };
		35B2EEF21D000E620014867F /* KonotorMessage.m */ = {isa = PBXFileReference; fileEncoding = 4; lastKnownFileType = sourcecode.c.objc; path = KonotorMessage.m; sourceTree = "<group>"; };
		35B2EEF31D000E620014867F /* KonotorMessageBinary.h */ = {isa = PBXFileReference; fileEncoding = 4; lastKnownFileType = sourcecode.c.h; path = KonotorMessageBinary.h; sourceTree = "<group>"; };
		35B2EEF41D000E620014867F /* KonotorMessageBinary.m */ = {isa = PBXFileReference; fileEncoding = 4; lastKnownFileType = sourcecode.c.objc; path = KonotorMessageBinary.m; sourceTree = "<group>"; };
		35B2EEF61D000E620014867F /* KonotorModel 10.xcdatamodel */ = {isa = PBXFileReference; lastKnownFileType = wrapper.xcdatamodel; path = "KonotorModel 10.xcdatamodel"; sourceTree = "<group>"; };
		35B2EEF71D000E620014867F /* KonotorModel 11.xcdatamodel */ = {isa = PBXFileReference; lastKnownFileType = wrapper.xcdatamodel; path = "KonotorModel 11.xcdatamodel"; sourceTree = "<group>"; };
		35B2EEF81D000E620014867F /* KonotorModel 12.xcdatamodel */ = {isa = PBXFileReference; lastKnownFileType = wrapper.xcdatamodel; path = "KonotorModel 12.xcdatamodel"; sourceTree = "<group>"; };
		35B2EEF91D000E620014867F /* KonotorModel 13.xcdatamodel */ = {isa = PBXFileReference; lastKnownFileType = wrapper.xcdatamodel; path = "KonotorModel 13.xcdatamodel"; sourceTree = "<group>"; };
		35B2EEFA1D000E620014867F /* KonotorModel 14.xcdatamodel */ = {isa = PBXFileReference; lastKnownFileType = wrapper.xcdatamodel; path = "KonotorModel 14.xcdatamodel"; sourceTree = "<group>"; };
		35B2EEFB1D000E620014867F /* KonotorModel 15.xcdatamodel */ = {isa = PBXFileReference; lastKnownFileType = wrapper.xcdatamodel; path = "KonotorModel 15.xcdatamodel"; sourceTree = "<group>"; };
		35B2EEFC1D000E620014867F /* KonotorModel 16.xcdatamodel */ = {isa = PBXFileReference; lastKnownFileType = wrapper.xcdatamodel; path = "KonotorModel 16.xcdatamodel"; sourceTree = "<group>"; };
		35B2EEFD1D000E620014867F /* KonotorModel 17.xcdatamodel */ = {isa = PBXFileReference; lastKnownFileType = wrapper.xcdatamodel; path = "KonotorModel 17.xcdatamodel"; sourceTree = "<group>"; };
		35B2EEFE1D000E620014867F /* KonotorModel 18.xcdatamodel */ = {isa = PBXFileReference; lastKnownFileType = wrapper.xcdatamodel; path = "KonotorModel 18.xcdatamodel"; sourceTree = "<group>"; };
		35B2EEFF1D000E620014867F /* KonotorModel 19.xcdatamodel */ = {isa = PBXFileReference; lastKnownFileType = wrapper.xcdatamodel; path = "KonotorModel 19.xcdatamodel"; sourceTree = "<group>"; };
		35B2EF001D000E620014867F /* KonotorModel 2.xcdatamodel */ = {isa = PBXFileReference; lastKnownFileType = wrapper.xcdatamodel; path = "KonotorModel 2.xcdatamodel"; sourceTree = "<group>"; };
		35B2EF011D000E620014867F /* KonotorModel 20.xcdatamodel */ = {isa = PBXFileReference; lastKnownFileType = wrapper.xcdatamodel; path = "KonotorModel 20.xcdatamodel"; sourceTree = "<group>"; };
		35B2EF021D000E620014867F /* KonotorModel 21.xcdatamodel */ = {isa = PBXFileReference; lastKnownFileType = wrapper.xcdatamodel; path = "KonotorModel 21.xcdatamodel"; sourceTree = "<group>"; };
		35B2EF031D000E620014867F /* KonotorModel 22.xcdatamodel */ = {isa = PBXFileReference; lastKnownFileType = wrapper.xcdatamodel; path = "KonotorModel 22.xcdatamodel"; sourceTree = "<group>"; };
		35B2EF041D000E620014867F /* KonotorModel 3.xcdatamodel */ = {isa = PBXFileReference; lastKnownFileType = wrapper.xcdatamodel; path = "KonotorModel 3.xcdatamodel"; sourceTree = "<group>"; };
		35B2EF051D000E620014867F /* KonotorModel 4.xcdatamodel */ = {isa = PBXFileReference; lastKnownFileType = wrapper.xcdatamodel; path = "KonotorModel 4.xcdatamodel"; sourceTree = "<group>"; };
		35B2EF061D000E620014867F /* KonotorModel 5.xcdatamodel */ = {isa = PBXFileReference; lastKnownFileType = wrapper.xcdatamodel; path = "KonotorModel 5.xcdatamodel"; sourceTree = "<group>"; };
		35B2EF071D000E620014867F /* KonotorModel 6.xcdatamodel */ = {isa = PBXFileReference; lastKnownFileType = wrapper.xcdatamodel; path = "KonotorModel 6.xcdatamodel"; sourceTree = "<group>"; };
		35B2EF081D000E620014867F /* KonotorModel 7.xcdatamodel */ = {isa = PBXFileReference; lastKnownFileType = wrapper.xcdatamodel; path = "KonotorModel 7.xcdatamodel"; sourceTree = "<group>"; };
		35B2EF091D000E620014867F /* KonotorModel 8.xcdatamodel */ = {isa = PBXFileReference; lastKnownFileType = wrapper.xcdatamodel; path = "KonotorModel 8.xcdatamodel"; sourceTree = "<group>"; };
		35B2EF0A1D000E620014867F /* KonotorModel 9.xcdatamodel */ = {isa = PBXFileReference; lastKnownFileType = wrapper.xcdatamodel; path = "KonotorModel 9.xcdatamodel"; sourceTree = "<group>"; };
		35B2EF0B1D000E620014867F /* KonotorModel.xcdatamodel */ = {isa = PBXFileReference; lastKnownFileType = wrapper.xcdatamodel; path = KonotorModel.xcdatamodel; sourceTree = "<group>"; };
		35B2EF0C1D000E620014867F /* KonotorUser.h */ = {isa = PBXFileReference; fileEncoding = 4; lastKnownFileType = sourcecode.c.h; path = KonotorUser.h; sourceTree = "<group>"; };
		35B2EF0D1D000E620014867F /* KonotorUser.m */ = {isa = PBXFileReference; fileEncoding = 4; lastKnownFileType = sourcecode.c.objc; path = KonotorUser.m; sourceTree = "<group>"; };
		35B2EF101D000E620014867F /* FDChannelUpdater.h */ = {isa = PBXFileReference; fileEncoding = 4; lastKnownFileType = sourcecode.c.h; path = FDChannelUpdater.h; sourceTree = "<group>"; };
		35B2EF111D000E620014867F /* FDChannelUpdater.m */ = {isa = PBXFileReference; fileEncoding = 4; lastKnownFileType = sourcecode.c.objc; path = FDChannelUpdater.m; sourceTree = "<group>"; };
		35B2EF121D000E620014867F /* FDDataUpdaterWithInterval.h */ = {isa = PBXFileReference; fileEncoding = 4; lastKnownFileType = sourcecode.c.h; path = FDDataUpdaterWithInterval.h; sourceTree = "<group>"; };
		35B2EF131D000E620014867F /* FDDataUpdaterWithInterval.m */ = {isa = PBXFileReference; fileEncoding = 4; lastKnownFileType = sourcecode.c.objc; path = FDDataUpdaterWithInterval.m; sourceTree = "<group>"; };
		35B2EF141D000E620014867F /* FDDAUUpdater.h */ = {isa = PBXFileReference; fileEncoding = 4; lastKnownFileType = sourcecode.c.h; path = FDDAUUpdater.h; sourceTree = "<group>"; };
		35B2EF151D000E620014867F /* FDDAUUpdater.m */ = {isa = PBXFileReference; fileEncoding = 4; lastKnownFileType = sourcecode.c.objc; path = FDDAUUpdater.m; sourceTree = "<group>"; };
		35B2EF161D000E620014867F /* FDMessagesUpdater.h */ = {isa = PBXFileReference; fileEncoding = 4; lastKnownFileType = sourcecode.c.h; path = FDMessagesUpdater.h; sourceTree = "<group>"; };
		35B2EF171D000E620014867F /* FDMessagesUpdater.m */ = {isa = PBXFileReference; fileEncoding = 4; lastKnownFileType = sourcecode.c.objc; path = FDMessagesUpdater.m; sourceTree = "<group>"; };
		35B2EF181D000E620014867F /* FDSolutionUpdater.h */ = {isa = PBXFileReference; fileEncoding = 4; lastKnownFileType = sourcecode.c.h; path = FDSolutionUpdater.h; sourceTree = "<group>"; };
		35B2EF191D000E620014867F /* FDSolutionUpdater.m */ = {isa = PBXFileReference; fileEncoding = 4; lastKnownFileType = sourcecode.c.objc; path = FDSolutionUpdater.m; sourceTree = "<group>"; };
		35B2EF1A1D000E620014867F /* FDIconDownloader.h */ = {isa = PBXFileReference; fileEncoding = 4; lastKnownFileType = sourcecode.c.h; path = FDIconDownloader.h; sourceTree = "<group>"; };
		35B2EF1B1D000E620014867F /* FDIconDownloader.m */ = {isa = PBXFileReference; fileEncoding = 4; lastKnownFileType = sourcecode.c.objc; path = FDIconDownloader.m; sourceTree = "<group>"; };
		35B2EF1C1D000E620014867F /* FDResponseInfo.h */ = {isa = PBXFileReference; fileEncoding = 4; lastKnownFileType = sourcecode.c.h; path = FDResponseInfo.h; sourceTree = "<group>"; };
		35B2EF1D1D000E620014867F /* FDResponseInfo.m */ = {isa = PBXFileReference; fileEncoding = 4; lastKnownFileType = sourcecode.c.objc; path = FDResponseInfo.m; sourceTree = "<group>"; };
		35B2EF1E1D000E620014867F /* HLAPI.h */ = {isa = PBXFileReference; fileEncoding = 4; lastKnownFileType = sourcecode.c.h; path = HLAPI.h; sourceTree = "<group>"; };
		35B2EF1F1D000E620014867F /* HLAPIClient.h */ = {isa = PBXFileReference; fileEncoding = 4; lastKnownFileType = sourcecode.c.h; path = HLAPIClient.h; sourceTree = "<group>"; };
		35B2EF201D000E620014867F /* HLAPIClient.m */ = {isa = PBXFileReference; fileEncoding = 4; lastKnownFileType = sourcecode.c.objc; path = HLAPIClient.m; sourceTree = "<group>"; };
		35B2EF221D000E620014867F /* HLCoreServices.h */ = {isa = PBXFileReference; fileEncoding = 4; lastKnownFileType = sourcecode.c.h; path = HLCoreServices.h; sourceTree = "<group>"; };
		35B2EF231D000E620014867F /* HLCoreServices.m */ = {isa = PBXFileReference; fileEncoding = 4; lastKnownFileType = sourcecode.c.objc; path = HLCoreServices.m; sourceTree = "<group>"; };
		35B2EF241D000E620014867F /* HLFAQServices.h */ = {isa = PBXFileReference; fileEncoding = 4; lastKnownFileType = sourcecode.c.h; path = HLFAQServices.h; sourceTree = "<group>"; };
		35B2EF251D000E620014867F /* HLFAQServices.m */ = {isa = PBXFileReference; fileEncoding = 4; lastKnownFileType = sourcecode.c.objc; path = HLFAQServices.m; sourceTree = "<group>"; };
		35B2EF261D000E620014867F /* HLMessageServices.h */ = {isa = PBXFileReference; fileEncoding = 4; lastKnownFileType = sourcecode.c.h; path = HLMessageServices.h; sourceTree = "<group>"; };
		35B2EF271D000E620014867F /* HLMessageServices.m */ = {isa = PBXFileReference; fileEncoding = 4; lastKnownFileType = sourcecode.c.objc; path = HLMessageServices.m; sourceTree = "<group>"; };
		35B2EF281D000E620014867F /* HLServiceRequest.h */ = {isa = PBXFileReference; fileEncoding = 4; lastKnownFileType = sourcecode.c.h; path = HLServiceRequest.h; sourceTree = "<group>"; };
		35B2EF291D000E620014867F /* HLServiceRequest.m */ = {isa = PBXFileReference; fileEncoding = 4; lastKnownFileType = sourcecode.c.objc; path = HLServiceRequest.m; sourceTree = "<group>"; };
		35B2EF2B1D000E620014867F /* FDAutolayoutHelper.h */ = {isa = PBXFileReference; fileEncoding = 4; lastKnownFileType = sourcecode.c.h; path = FDAutolayoutHelper.h; sourceTree = "<group>"; };
		35B2EF2C1D000E620014867F /* FDAutolayoutHelper.m */ = {isa = PBXFileReference; fileEncoding = 4; lastKnownFileType = sourcecode.c.objc; path = FDAutolayoutHelper.m; sourceTree = "<group>"; };
		35B2EF2D1D000E620014867F /* FDBackgroundTaskManager.h */ = {isa = PBXFileReference; fileEncoding = 4; lastKnownFileType = sourcecode.c.h; path = FDBackgroundTaskManager.h; sourceTree = "<group>"; };
		35B2EF2E1D000E620014867F /* FDBackgroundTaskManager.m */ = {isa = PBXFileReference; fileEncoding = 4; lastKnownFileType = sourcecode.c.objc; path = FDBackgroundTaskManager.m; sourceTree = "<group>"; };
		35B2EF2F1D000E620014867F /* FDDateUtil.h */ = {isa = PBXFileReference; fileEncoding = 4; lastKnownFileType = sourcecode.c.h; path = FDDateUtil.h; sourceTree = "<group>"; };
		35B2EF301D000E620014867F /* FDDateUtil.m */ = {isa = PBXFileReference; fileEncoding = 4; lastKnownFileType = sourcecode.c.objc; path = FDDateUtil.m; sourceTree = "<group>"; };
		35B2EF311D000E620014867F /* FDIndexManager.h */ = {isa = PBXFileReference; fileEncoding = 4; lastKnownFileType = sourcecode.c.h; path = FDIndexManager.h; sourceTree = "<group>"; };
		35B2EF321D000E620014867F /* FDIndexManager.m */ = {isa = PBXFileReference; fileEncoding = 4; lastKnownFileType = sourcecode.c.objc; path = FDIndexManager.m; sourceTree = "<group>"; };
		35B2EF331D000E620014867F /* FDLocalNotification.h */ = {isa = PBXFileReference; fileEncoding = 4; lastKnownFileType = sourcecode.c.h; path = FDLocalNotification.h; sourceTree = "<group>"; };
		35B2EF341D000E620014867F /* FDMemLogger.h */ = {isa = PBXFileReference; fileEncoding = 4; lastKnownFileType = sourcecode.c.h; path = FDMemLogger.h; sourceTree = "<group>"; };
		35B2EF351D000E620014867F /* FDMemLogger.m */ = {isa = PBXFileReference; fileEncoding = 4; lastKnownFileType = sourcecode.c.objc; path = FDMemLogger.m; sourceTree = "<group>"; };
		35B2EF361D000E620014867F /* FDRanking.h */ = {isa = PBXFileReference; fileEncoding = 4; lastKnownFileType = sourcecode.c.h; path = FDRanking.h; sourceTree = "<group>"; };
		35B2EF371D000E620014867F /* FDRanking.m */ = {isa = PBXFileReference; fileEncoding = 4; lastKnownFileType = sourcecode.c.objc; path = FDRanking.m; sourceTree = "<group>"; };
		35B2EF381D000E620014867F /* FDReachabilityManager.h */ = {isa = PBXFileReference; fileEncoding = 4; lastKnownFileType = sourcecode.c.h; path = FDReachabilityManager.h; sourceTree = "<group>"; };
		35B2EF391D000E620014867F /* FDReachabilityManager.m */ = {isa = PBXFileReference; fileEncoding = 4; lastKnownFileType = sourcecode.c.objc; path = FDReachabilityManager.m; sourceTree = "<group>"; };
		35B2EF3A1D000E620014867F /* FDSecureStore.h */ = {isa = PBXFileReference; fileEncoding = 4; lastKnownFileType = sourcecode.c.h; path = FDSecureStore.h; sourceTree = "<group>"; };
		35B2EF3B1D000E620014867F /* FDSecureStore.m */ = {isa = PBXFileReference; fileEncoding = 4; lastKnownFileType = sourcecode.c.objc; path = FDSecureStore.m; sourceTree = "<group>"; };
		35B2EF3C1D000E620014867F /* FDStringUtil.h */ = {isa = PBXFileReference; fileEncoding = 4; lastKnownFileType = sourcecode.c.h; path = FDStringUtil.h; sourceTree = "<group>"; };
		35B2EF3D1D000E620014867F /* FDStringUtil.m */ = {isa = PBXFileReference; fileEncoding = 4; lastKnownFileType = sourcecode.c.objc; path = FDStringUtil.m; sourceTree = "<group>"; };
		35B2EF3E1D000E620014867F /* FDThemeConstants.h */ = {isa = PBXFileReference; fileEncoding = 4; lastKnownFileType = sourcecode.c.h; path = FDThemeConstants.h; sourceTree = "<group>"; };
		35B2EF3F1D000E620014867F /* FDUtilities.h */ = {isa = PBXFileReference; fileEncoding = 4; lastKnownFileType = sourcecode.c.h; path = FDUtilities.h; sourceTree = "<group>"; };
		35B2EF401D000E620014867F /* FDUtilities.m */ = {isa = PBXFileReference; fileEncoding = 4; lastKnownFileType = sourcecode.c.objc; path = FDUtilities.m; sourceTree = "<group>"; };
		35B2EF411D000E620014867F /* FDVotingManager.h */ = {isa = PBXFileReference; fileEncoding = 4; lastKnownFileType = sourcecode.c.h; path = FDVotingManager.h; sourceTree = "<group>"; };
		35B2EF421D000E620014867F /* FDVotingManager.m */ = {isa = PBXFileReference; fileEncoding = 4; lastKnownFileType = sourcecode.c.objc; path = FDVotingManager.m; sourceTree = "<group>"; };
		35B2EF431D000E620014867F /* HLConstants.h */ = {isa = PBXFileReference; fileEncoding = 4; lastKnownFileType = sourcecode.c.h; path = HLConstants.h; sourceTree = "<group>"; };
		35B2EF441D000E620014867F /* HLLocalization.h */ = {isa = PBXFileReference; fileEncoding = 4; lastKnownFileType = sourcecode.c.h; path = HLLocalization.h; sourceTree = "<group>"; };
		35B2EF451D000E620014867F /* HLLocalization.m */ = {isa = PBXFileReference; fileEncoding = 4; lastKnownFileType = sourcecode.c.objc; path = HLLocalization.m; sourceTree = "<group>"; };
		35B2EF461D000E620014867F /* HLMacros.h */ = {isa = PBXFileReference; fileEncoding = 4; lastKnownFileType = sourcecode.c.h; path = HLMacros.h; sourceTree = "<group>"; };
		35B2EF471D000E620014867F /* HLTheme.h */ = {isa = PBXFileReference; fileEncoding = 4; lastKnownFileType = sourcecode.c.h; path = HLTheme.h; sourceTree = "<group>"; };
		35B2EF481D000E620014867F /* HLTheme.m */ = {isa = PBXFileReference; fileEncoding = 4; lastKnownFileType = sourcecode.c.objc; path = HLTheme.m; sourceTree = "<group>"; };
		35B2EF491D000E620014867F /* HLVersionConstants.h */ = {isa = PBXFileReference; fileEncoding = 4; lastKnownFileType = sourcecode.c.h; path = HLVersionConstants.h; sourceTree = "<group>"; };
		35B2EF4A1D000E620014867F /* HotlineAppState.h */ = {isa = PBXFileReference; fileEncoding = 4; lastKnownFileType = sourcecode.c.h; path = HotlineAppState.h; sourceTree = "<group>"; };
		35B2EF4B1D000E620014867F /* HotlineAppState.m */ = {isa = PBXFileReference; fileEncoding = 4; lastKnownFileType = sourcecode.c.objc; path = HotlineAppState.m; sourceTree = "<group>"; };
		35B2EF4C1D000E620014867F /* KonotorAudioPlayer.h */ = {isa = PBXFileReference; fileEncoding = 4; lastKnownFileType = sourcecode.c.h; path = KonotorAudioPlayer.h; sourceTree = "<group>"; };
		35B2EF4D1D000E620014867F /* KonotorAudioPlayer.m */ = {isa = PBXFileReference; fileEncoding = 4; lastKnownFileType = sourcecode.c.objc; path = KonotorAudioPlayer.m; sourceTree = "<group>"; };
		35B2EF4E1D000E620014867F /* KonotorAudioRecorder.h */ = {isa = PBXFileReference; fileEncoding = 4; lastKnownFileType = sourcecode.c.h; path = KonotorAudioRecorder.h; sourceTree = "<group>"; };
		35B2EF4F1D000E620014867F /* KonotorAudioRecorder.m */ = {isa = PBXFileReference; fileEncoding = 4; lastKnownFileType = sourcecode.c.objc; path = KonotorAudioRecorder.m; sourceTree = "<group>"; };
		35B2EF511D000E620014867F /* FDArticleListCell.h */ = {isa = PBXFileReference; fileEncoding = 4; lastKnownFileType = sourcecode.c.h; path = FDArticleListCell.h; sourceTree = "<group>"; };
		35B2EF521D000E620014867F /* FDArticleListCell.m */ = {isa = PBXFileReference; fileEncoding = 4; lastKnownFileType = sourcecode.c.objc; path = FDArticleListCell.m; sourceTree = "<group>"; };
		35B2EF531D000E620014867F /* FDBadgeView.h */ = {isa = PBXFileReference; fileEncoding = 4; lastKnownFileType = sourcecode.c.h; path = FDBadgeView.h; sourceTree = "<group>"; };
		35B2EF541D000E620014867F /* FDBadgeView.m */ = {isa = PBXFileReference; fileEncoding = 4; lastKnownFileType = sourcecode.c.objc; path = FDBadgeView.m; sourceTree = "<group>"; };
		35B2EF551D000E620014867F /* FDBarButtonItem.h */ = {isa = PBXFileReference; fileEncoding = 4; lastKnownFileType = sourcecode.c.h; path = FDBarButtonItem.h; sourceTree = "<group>"; };
		35B2EF561D000E620014867F /* FDBarButtonItem.m */ = {isa = PBXFileReference; fileEncoding = 4; lastKnownFileType = sourcecode.c.objc; path = FDBarButtonItem.m; sourceTree = "<group>"; };
		35B2EF571D000E620014867F /* FDCell.h */ = {isa = PBXFileReference; fileEncoding = 4; lastKnownFileType = sourcecode.c.h; path = FDCell.h; sourceTree = "<group>"; };
		35B2EF581D000E620014867F /* FDCell.m */ = {isa = PBXFileReference; fileEncoding = 4; lastKnownFileType = sourcecode.c.objc; path = FDCell.m; sourceTree = "<group>"; };
		35B2EF5A1D000E620014867F /* FDButton.h */ = {isa = PBXFileReference; fileEncoding = 4; lastKnownFileType = sourcecode.c.h; path = FDButton.h; sourceTree = "<group>"; };
		35B2EF5B1D000E620014867F /* FDButton.m */ = {isa = PBXFileReference; fileEncoding = 4; lastKnownFileType = sourcecode.c.objc; path = FDButton.m; sourceTree = "<group>"; };
		35B2EF5C1D000E620014867F /* FDSearchBar.h */ = {isa = PBXFileReference; fileEncoding = 4; lastKnownFileType = sourcecode.c.h; path = FDSearchBar.h; sourceTree = "<group>"; };
		35B2EF5D1D000E620014867F /* FDSearchBar.m */ = {isa = PBXFileReference; fileEncoding = 4; lastKnownFileType = sourcecode.c.objc; path = FDSearchBar.m; sourceTree = "<group>"; };
		35B2EF5E1D000E620014867F /* FDTableViewCell.h */ = {isa = PBXFileReference; fileEncoding = 4; lastKnownFileType = sourcecode.c.h; path = FDTableViewCell.h; sourceTree = "<group>"; };
		35B2EF5F1D000E620014867F /* FDTableViewCell.m */ = {isa = PBXFileReference; fileEncoding = 4; lastKnownFileType = sourcecode.c.objc; path = FDTableViewCell.m; sourceTree = "<group>"; };
		35B2EF601D000E620014867F /* FDLabel.h */ = {isa = PBXFileReference; fileEncoding = 4; lastKnownFileType = sourcecode.c.h; path = FDLabel.h; sourceTree = "<group>"; };
		35B2EF611D000E620014867F /* FDLabel.m */ = {isa = PBXFileReference; fileEncoding = 4; lastKnownFileType = sourcecode.c.objc; path = FDLabel.m; sourceTree = "<group>"; };
		35B2EF621D000E620014867F /* FDMarginalView.h */ = {isa = PBXFileReference; fileEncoding = 4; lastKnownFileType = sourcecode.c.h; path = FDMarginalView.h; sourceTree = "<group>"; };
		35B2EF631D000E620014867F /* FDMarginalView.m */ = {isa = PBXFileReference; fileEncoding = 4; lastKnownFileType = sourcecode.c.objc; path = FDMarginalView.m; sourceTree = "<group>"; };
		35B2EF641D000E620014867F /* FDNotificationBanner.h */ = {isa = PBXFileReference; fileEncoding = 4; lastKnownFileType = sourcecode.c.h; path = FDNotificationBanner.h; sourceTree = "<group>"; };
		35B2EF651D000E620014867F /* FDNotificationBanner.m */ = {isa = PBXFileReference; fileEncoding = 4; lastKnownFileType = sourcecode.c.objc; path = FDNotificationBanner.m; sourceTree = "<group>"; };
		35B2EF661D000E620014867F /* HLEmptyResultView.h */ = {isa = PBXFileReference; fileEncoding = 4; lastKnownFileType = sourcecode.c.h; path = HLEmptyResultView.h; sourceTree = "<group>"; };
		35B2EF671D000E620014867F /* HLEmptyResultView.m */ = {isa = PBXFileReference; fileEncoding = 4; lastKnownFileType = sourcecode.c.objc; path = HLEmptyResultView.m; sourceTree = "<group>"; };
		35B2EF681D000E620014867F /* HLGridViewCell.h */ = {isa = PBXFileReference; fileEncoding = 4; lastKnownFileType = sourcecode.c.h; path = HLGridViewCell.h; sourceTree = "<group>"; };
		35B2EF691D000E620014867F /* HLGridViewCell.m */ = {isa = PBXFileReference; fileEncoding = 4; lastKnownFileType = sourcecode.c.objc; path = HLGridViewCell.m; sourceTree = "<group>"; };
		35B2EF6B1D000E620014867F /* FDAudioMessageInputView.h */ = {isa = PBXFileReference; fileEncoding = 4; lastKnownFileType = sourcecode.c.h; path = FDAudioMessageInputView.h; sourceTree = "<group>"; };
		35B2EF6C1D000E620014867F /* FDAudioMessageInputView.m */ = {isa = PBXFileReference; fileEncoding = 4; lastKnownFileType = sourcecode.c.objc; path = FDAudioMessageInputView.m; sourceTree = "<group>"; };
		35B2EF6D1D000E620014867F /* FDInputToolbarView.h */ = {isa = PBXFileReference; fileEncoding = 4; lastKnownFileType = sourcecode.c.h; path = FDInputToolbarView.h; sourceTree = "<group>"; };
		35B2EF6E1D000E620014867F /* FDInputToolbarView.m */ = {isa = PBXFileReference; fileEncoding = 4; lastKnownFileType = sourcecode.c.objc; path = FDInputToolbarView.m; sourceTree = "<group>"; };
		35B2EF701D000E620014867F /* FDActionButton.h */ = {isa = PBXFileReference; fileEncoding = 4; lastKnownFileType = sourcecode.c.h; path = FDActionButton.h; sourceTree = "<group>"; };
		35B2EF711D000E620014867F /* FDActionButton.m */ = {isa = PBXFileReference; fileEncoding = 4; lastKnownFileType = sourcecode.c.objc; path = FDActionButton.m; sourceTree = "<group>"; };
		35B2EF721D000E620014867F /* FDAudioMessageUnit.h */ = {isa = PBXFileReference; fileEncoding = 4; lastKnownFileType = sourcecode.c.h; path = FDAudioMessageUnit.h; sourceTree = "<group>"; };
		35B2EF731D000E620014867F /* FDAudioMessageUnit.m */ = {isa = PBXFileReference; fileEncoding = 4; lastKnownFileType = sourcecode.c.objc; path = FDAudioMessageUnit.m; sourceTree = "<group>"; };
		35B2EF741D000E620014867F /* FDMessageCell.h */ = {isa = PBXFileReference; fileEncoding = 4; lastKnownFileType = sourcecode.c.h; path = FDMessageCell.h; sourceTree = "<group>"; };
		35B2EF751D000E620014867F /* FDMessageCell.m */ = {isa = PBXFileReference; fileEncoding = 4; lastKnownFileType = sourcecode.c.objc; path = FDMessageCell.m; sourceTree = "<group>"; };
		35B2EF761D000E620014867F /* FDPictureMessageView.h */ = {isa = PBXFileReference; fileEncoding = 4; lastKnownFileType = sourcecode.c.h; path = FDPictureMessageView.h; sourceTree = "<group>"; };
		35B2EF771D000E620014867F /* FDPictureMessageView.m */ = {isa = PBXFileReference; fileEncoding = 4; lastKnownFileType = sourcecode.c.objc; path = FDPictureMessageView.m; sourceTree = "<group>"; };
		35B2EF791D000E620014867F /* FDAlertView.h */ = {isa = PBXFileReference; fileEncoding = 4; lastKnownFileType = sourcecode.c.h; path = FDAlertView.h; sourceTree = "<group>"; };
		35B2EF7A1D000E620014867F /* FDAlertView.m */ = {isa = PBXFileReference; fileEncoding = 4; lastKnownFileType = sourcecode.c.objc; path = FDAlertView.m; sourceTree = "<group>"; };
		35B2EF7B1D000E620014867F /* FDPromptView.h */ = {isa = PBXFileReference; fileEncoding = 4; lastKnownFileType = sourcecode.c.h; path = FDPromptView.h; sourceTree = "<group>"; };
		35B2EF7C1D000E620014867F /* FDPromptView.m */ = {isa = PBXFileReference; fileEncoding = 4; lastKnownFileType = sourcecode.c.objc; path = FDPromptView.m; sourceTree = "<group>"; };
		35B2EF7D1D000E620014867F /* FDYesNoPromptView.h */ = {isa = PBXFileReference; fileEncoding = 4; lastKnownFileType = sourcecode.c.h; path = FDYesNoPromptView.h; sourceTree = "<group>"; };
		35B2EF7E1D000E620014867F /* FDYesNoPromptView.m */ = {isa = PBXFileReference; fileEncoding = 4; lastKnownFileType = sourcecode.c.objc; path = FDYesNoPromptView.m; sourceTree = "<group>"; };
		35B2EFCF1D000EE80014867F /* FDReachability.h */ = {isa = PBXFileReference; fileEncoding = 4; lastKnownFileType = sourcecode.c.h; path = FDReachability.h; sourceTree = "<group>"; };
		35B2EFD01D000EE80014867F /* FDReachability.m */ = {isa = PBXFileReference; fileEncoding = 4; lastKnownFileType = sourcecode.c.objc; path = FDReachability.m; sourceTree = "<group>"; };
		35B2EFD21D000EE80014867F /* FDKeyChainStore.h */ = {isa = PBXFileReference; fileEncoding = 4; lastKnownFileType = sourcecode.c.h; path = FDKeyChainStore.h; sourceTree = "<group>"; };
		35B2EFD31D000EE80014867F /* FDKeyChainStore.m */ = {isa = PBXFileReference; fileEncoding = 4; lastKnownFileType = sourcecode.c.objc; path = FDKeyChainStore.m; sourceTree = "<group>"; };
		CE1064591BC2779300922494 /* Info.plist */ = {isa = PBXFileReference; fileEncoding = 4; lastKnownFileType = text.plist.xml; path = Info.plist; sourceTree = "<group>"; };
/* End PBXFileReference section */

/* Begin PBXFrameworksBuildPhase section */
		35591AA91B9ED58100BC0B60 /* Frameworks */ = {
			isa = PBXFrameworksBuildPhase;
			buildActionMask = 2147483647;
			files = (
			);
			runOnlyForDeploymentPostprocessing = 0;
		};
		358DD4EB1BB01A2100B36E4E /* Frameworks */ = {
			isa = PBXFrameworksBuildPhase;
			buildActionMask = 2147483647;
			files = (
			);
			runOnlyForDeploymentPostprocessing = 0;
		};
/* End PBXFrameworksBuildPhase section */

/* Begin PBXGroup section */
		35591B721B9EDCCE00BC0B60 /* HotlineModels */ = {
			isa = PBXGroup;
			children = (
				35591B731B9EDCCE00BC0B60 /* InfoPlist.strings */,
				35591B751B9EDCCE00BC0B60 /* KonotorModels-Info.plist */,
				35591B761B9EDCCE00BC0B60 /* KonotorModels-Prefix.pch */,
			);
			path = HotlineModels;
			sourceTree = "<group>";
		};
		35591B791B9EDD0700BC0B60 /* Vendor */ = {
			isa = PBXGroup;
			children = (
				35B2EFCE1D000EE80014867F /* Reachability */,
				35B2EFD11D000EE80014867F /* UICKeyChainStore-2.0.6 */,
			);
			path = Vendor;
			sourceTree = "<group>";
		};
		358DD4CC1BB011A200B36E4E /* HotlineDB */ = {
			isa = PBXGroup;
			children = (
				358DD4CD1BB011A200B36E4E /* Supporting Files */,
			);
			path = HotlineDB;
			sourceTree = "<group>";
		};
		358DD4CD1BB011A200B36E4E /* Supporting Files */ = {
			isa = PBXGroup;
			children = (
				CE1064591BC2779300922494 /* Info.plist */,
			);
			name = "Supporting Files";
			sourceTree = "<group>";
		};
		358DD4EF1BB01A2100B36E4E /* KonotorModels */ = {
			isa = PBXGroup;
			children = (
				358DD4F01BB01A2100B36E4E /* Supporting Files */,
			);
			path = KonotorModels;
			sourceTree = "<group>";
		};
		358DD4F01BB01A2100B36E4E /* Supporting Files */ = {
			isa = PBXGroup;
			children = (
				358DD4F11BB01A2100B36E4E /* Info.plist */,
			);
			name = "Supporting Files";
			sourceTree = "<group>";
		};
		35B2EEBB1D000E620014867F /* HotlineSDK */ = {
			isa = PBXGroup;
			children = (
				35B2EED91D000E620014867F /* Hotline.h */,
				35B2EEDA1D000E620014867F /* Hotline.m */,
				35B2EEDE1D000E620014867F /* Konotor.h */,
				35B2EEDF1D000E620014867F /* Konotor.m */,
				35B2EEDD1D000E620014867F /* HotlineUser.m */,
				35B2EED71D000E620014867F /* HLNotificationHandler.h */,
				35B2EED81D000E620014867F /* HLNotificationHandler.m */,
				35B2EEDB1D000E620014867F /* HotlineConfig.m */,
				35B2EEDC1D000E620014867F /* HotlineSDK-Prefix.pch */,
				35B2EEBC1D000E620014867F /* Controllers */,
				35B2EEE01D000E620014867F /* Model */,
				35B2EF0E1D000E620014867F /* Network */,
				35B2EF2A1D000E620014867F /* Utilities */,
				35B2EF501D000E620014867F /* View */,
			);
			path = HotlineSDK;
			sourceTree = "<group>";
		};
		35B2EEBC1D000E620014867F /* Controllers */ = {
			isa = PBXGroup;
			children = (
				35B2EEBD1D000E620014867F /* FDAttachmentImageController.h */,
				35B2EEBE1D000E620014867F /* FDAttachmentImageController.m */,
				35B2EEBF1D000E620014867F /* FDImagePreviewController.h */,
				35B2EEC01D000E620014867F /* FDImagePreviewController.m */,
				35B2EEC11D000E620014867F /* FDMessageController.h */,
				35B2EEC21D000E620014867F /* FDMessageController.m */,
				35B2EEC31D000E620014867F /* HLArticleDetailViewController.h */,
				35B2EEC41D000E620014867F /* HLArticleDetailViewController.m */,
				35B2EEC51D000E620014867F /* HLArticlesController.h */,
				35B2EEC61D000E620014867F /* HLArticlesController.m */,
				35B2EEC71D000E620014867F /* HLCategoriesListController.h */,
				35B2EEC81D000E620014867F /* HLCategoriesListController.m */,
				35B2EEC91D000E620014867F /* HLCategoryGridViewController.h */,
				35B2EECA1D000E620014867F /* HLCategoryGridViewController.m */,
				35B2EECB1D000E620014867F /* HLChannelViewController.h */,
				35B2EECC1D000E620014867F /* HLChannelViewController.m */,
				35B2EECD1D000E620014867F /* HLContainerController.h */,
				35B2EECE1D000E620014867F /* HLContainerController.m */,
				35B2EECF1D000E620014867F /* HLListViewController.h */,
				35B2EED01D000E620014867F /* HLListViewController.m */,
				35B2EED11D000E620014867F /* HLSearchViewController.h */,
				35B2EED21D000E620014867F /* HLSearchViewController.m */,
				35B2EED31D000E620014867F /* HLViewController.h */,
				35B2EED41D000E620014867F /* HLViewController.m */,
				35B2EED51D000E620014867F /* KonotorImageInput.h */,
				35B2EED61D000E620014867F /* KonotorImageInput.m */,
			);
			path = Controllers;
			sourceTree = "<group>";
		};
		35B2EEE01D000E620014867F /* Model */ = {
			isa = PBXGroup;
			children = (
				35B2EEE11D000E620014867F /* FDArticleContent.h */,
				35B2EEE21D000E620014867F /* FDArticleContent.m */,
				35B2EEE31D000E620014867F /* FDIndex.h */,
				35B2EEE41D000E620014867F /* FDIndex.m */,
				35B2EEE51D000E620014867F /* HLArticle.h */,
				35B2EEE61D000E620014867F /* HLArticle.m */,
				35B2EEE71D000E620014867F /* HLCategory.h */,
				35B2EEE81D000E620014867F /* HLCategory.m */,
				35B2EEE91D000E620014867F /* HLChannel.h */,
				35B2EEEA1D000E620014867F /* HLChannel.m */,
				35B2EEEB1D000E620014867F /* KonotorConversation.h */,
				35B2EEEC1D000E620014867F /* KonotorConversation.m */,
				35B2EEED1D000E620014867F /* KonotorCustomProperty.h */,
				35B2EEEE1D000E620014867F /* KonotorCustomProperty.m */,
				35B2EEEF1D000E620014867F /* KonotorDataManager.h */,
				35B2EEF01D000E620014867F /* KonotorDataManager.m */,
				35B2EEF11D000E620014867F /* KonotorMessage.h */,
				35B2EEF21D000E620014867F /* KonotorMessage.m */,
				35B2EEF31D000E620014867F /* KonotorMessageBinary.h */,
				35B2EEF41D000E620014867F /* KonotorMessageBinary.m */,
				35B2EF0C1D000E620014867F /* KonotorUser.h */,
				35B2EF0D1D000E620014867F /* KonotorUser.m */,
				35B2EEF51D000E620014867F /* KonotorModel.xcdatamodeld */,
			);
			path = Model;
			sourceTree = "<group>";
		};
		35B2EF0E1D000E620014867F /* Network */ = {
			isa = PBXGroup;
			children = (
				35B2EF0F1D000E620014867F /* DataUpdater */,
				35B2EF1A1D000E620014867F /* FDIconDownloader.h */,
				35B2EF1B1D000E620014867F /* FDIconDownloader.m */,
				35B2EF1C1D000E620014867F /* FDResponseInfo.h */,
				35B2EF1D1D000E620014867F /* FDResponseInfo.m */,
				35B2EF1E1D000E620014867F /* HLAPI.h */,
				35B2EF1F1D000E620014867F /* HLAPIClient.h */,
				35B2EF201D000E620014867F /* HLAPIClient.m */,
				35B2EF211D000E620014867F /* Services */,
			);
			path = Network;
			sourceTree = "<group>";
		};
		35B2EF0F1D000E620014867F /* DataUpdater */ = {
			isa = PBXGroup;
			children = (
				35B2EF101D000E620014867F /* FDChannelUpdater.h */,
				35B2EF111D000E620014867F /* FDChannelUpdater.m */,
				35B2EF121D000E620014867F /* FDDataUpdaterWithInterval.h */,
				35B2EF131D000E620014867F /* FDDataUpdaterWithInterval.m */,
				35B2EF141D000E620014867F /* FDDAUUpdater.h */,
				35B2EF151D000E620014867F /* FDDAUUpdater.m */,
				35B2EF161D000E620014867F /* FDMessagesUpdater.h */,
				35B2EF171D000E620014867F /* FDMessagesUpdater.m */,
				35B2EF181D000E620014867F /* FDSolutionUpdater.h */,
				35B2EF191D000E620014867F /* FDSolutionUpdater.m */,
			);
			path = DataUpdater;
			sourceTree = "<group>";
		};
		35B2EF211D000E620014867F /* Services */ = {
			isa = PBXGroup;
			children = (
				35B2EF221D000E620014867F /* HLCoreServices.h */,
				35B2EF231D000E620014867F /* HLCoreServices.m */,
				35B2EF241D000E620014867F /* HLFAQServices.h */,
				35B2EF251D000E620014867F /* HLFAQServices.m */,
				35B2EF261D000E620014867F /* HLMessageServices.h */,
				35B2EF271D000E620014867F /* HLMessageServices.m */,
				35B2EF281D000E620014867F /* HLServiceRequest.h */,
				35B2EF291D000E620014867F /* HLServiceRequest.m */,
			);
			path = Services;
			sourceTree = "<group>";
		};
		35B2EF2A1D000E620014867F /* Utilities */ = {
			isa = PBXGroup;
			children = (
				35B2EF2B1D000E620014867F /* FDAutolayoutHelper.h */,
				35B2EF2C1D000E620014867F /* FDAutolayoutHelper.m */,
				35B2EF2D1D000E620014867F /* FDBackgroundTaskManager.h */,
				35B2EF2E1D000E620014867F /* FDBackgroundTaskManager.m */,
				35B2EF2F1D000E620014867F /* FDDateUtil.h */,
				35B2EF301D000E620014867F /* FDDateUtil.m */,
				35B2EF311D000E620014867F /* FDIndexManager.h */,
				35B2EF321D000E620014867F /* FDIndexManager.m */,
				35B2EF331D000E620014867F /* FDLocalNotification.h */,
				35B2EF341D000E620014867F /* FDMemLogger.h */,
				35B2EF351D000E620014867F /* FDMemLogger.m */,
				35B2EF361D000E620014867F /* FDRanking.h */,
				35B2EF371D000E620014867F /* FDRanking.m */,
				35B2EF381D000E620014867F /* FDReachabilityManager.h */,
				35B2EF391D000E620014867F /* FDReachabilityManager.m */,
				35B2EF3A1D000E620014867F /* FDSecureStore.h */,
				35B2EF3B1D000E620014867F /* FDSecureStore.m */,
				35B2EF3C1D000E620014867F /* FDStringUtil.h */,
				35B2EF3D1D000E620014867F /* FDStringUtil.m */,
				35B2EF3E1D000E620014867F /* FDThemeConstants.h */,
				35B2EF3F1D000E620014867F /* FDUtilities.h */,
				35B2EF401D000E620014867F /* FDUtilities.m */,
				35B2EF411D000E620014867F /* FDVotingManager.h */,
				35B2EF421D000E620014867F /* FDVotingManager.m */,
				35B2EF431D000E620014867F /* HLConstants.h */,
				35B2EF441D000E620014867F /* HLLocalization.h */,
				35B2EF451D000E620014867F /* HLLocalization.m */,
				35B2EF461D000E620014867F /* HLMacros.h */,
				35B2EF471D000E620014867F /* HLTheme.h */,
				35B2EF481D000E620014867F /* HLTheme.m */,
				35B2EF491D000E620014867F /* HLVersionConstants.h */,
				35B2EF4A1D000E620014867F /* HotlineAppState.h */,
				35B2EF4B1D000E620014867F /* HotlineAppState.m */,
				35B2EF4C1D000E620014867F /* KonotorAudioPlayer.h */,
				35B2EF4D1D000E620014867F /* KonotorAudioPlayer.m */,
				35B2EF4E1D000E620014867F /* KonotorAudioRecorder.h */,
				35B2EF4F1D000E620014867F /* KonotorAudioRecorder.m */,
			);
			path = Utilities;
			sourceTree = "<group>";
		};
		35B2EF501D000E620014867F /* View */ = {
			isa = PBXGroup;
			children = (
				35B2EF511D000E620014867F /* FDArticleListCell.h */,
				35B2EF521D000E620014867F /* FDArticleListCell.m */,
				35B2EF531D000E620014867F /* FDBadgeView.h */,
				35B2EF541D000E620014867F /* FDBadgeView.m */,
				35B2EF551D000E620014867F /* FDBarButtonItem.h */,
				35B2EF561D000E620014867F /* FDBarButtonItem.m */,
				35B2EF571D000E620014867F /* FDCell.h */,
				35B2EF581D000E620014867F /* FDCell.m */,
				35B2EF591D000E620014867F /* FDKit */,
				35B2EF601D000E620014867F /* FDLabel.h */,
				35B2EF611D000E620014867F /* FDLabel.m */,
				35B2EF621D000E620014867F /* FDMarginalView.h */,
				35B2EF631D000E620014867F /* FDMarginalView.m */,
				35B2EF641D000E620014867F /* FDNotificationBanner.h */,
				35B2EF651D000E620014867F /* FDNotificationBanner.m */,
				35B2EF661D000E620014867F /* HLEmptyResultView.h */,
				35B2EF671D000E620014867F /* HLEmptyResultView.m */,
				35B2EF681D000E620014867F /* HLGridViewCell.h */,
				35B2EF691D000E620014867F /* HLGridViewCell.m */,
				35B2EF6A1D000E620014867F /* InputToolbarView */,
				35B2EF6F1D000E620014867F /* MessageCell */,
				35B2EF781D000E620014867F /* PromptView */,
			);
			path = View;
			sourceTree = "<group>";
		};
		35B2EF591D000E620014867F /* FDKit */ = {
			isa = PBXGroup;
			children = (
				35B2EF5A1D000E620014867F /* FDButton.h */,
				35B2EF5B1D000E620014867F /* FDButton.m */,
				35B2EF5C1D000E620014867F /* FDSearchBar.h */,
				35B2EF5D1D000E620014867F /* FDSearchBar.m */,
				35B2EF5E1D000E620014867F /* FDTableViewCell.h */,
				35B2EF5F1D000E620014867F /* FDTableViewCell.m */,
			);
			path = FDKit;
			sourceTree = "<group>";
		};
		35B2EF6A1D000E620014867F /* InputToolbarView */ = {
			isa = PBXGroup;
			children = (
				35B2EF6B1D000E620014867F /* FDAudioMessageInputView.h */,
				35B2EF6C1D000E620014867F /* FDAudioMessageInputView.m */,
				35B2EF6D1D000E620014867F /* FDInputToolbarView.h */,
				35B2EF6E1D000E620014867F /* FDInputToolbarView.m */,
			);
			path = InputToolbarView;
			sourceTree = "<group>";
		};
		35B2EF6F1D000E620014867F /* MessageCell */ = {
			isa = PBXGroup;
			children = (
				35B2EF701D000E620014867F /* FDActionButton.h */,
				35B2EF711D000E620014867F /* FDActionButton.m */,
				35B2EF721D000E620014867F /* FDAudioMessageUnit.h */,
				35B2EF731D000E620014867F /* FDAudioMessageUnit.m */,
				35B2EF741D000E620014867F /* FDMessageCell.h */,
				35B2EF751D000E620014867F /* FDMessageCell.m */,
				35B2EF761D000E620014867F /* FDPictureMessageView.h */,
				35B2EF771D000E620014867F /* FDPictureMessageView.m */,
			);
			path = MessageCell;
			sourceTree = "<group>";
		};
		35B2EF781D000E620014867F /* PromptView */ = {
			isa = PBXGroup;
			children = (
				35B2EF791D000E620014867F /* FDAlertView.h */,
				35B2EF7A1D000E620014867F /* FDAlertView.m */,
				35B2EF7B1D000E620014867F /* FDPromptView.h */,
				35B2EF7C1D000E620014867F /* FDPromptView.m */,
				35B2EF7D1D000E620014867F /* FDYesNoPromptView.h */,
				35B2EF7E1D000E620014867F /* FDYesNoPromptView.m */,
			);
			path = PromptView;
			sourceTree = "<group>";
		};
		35B2EFCE1D000EE80014867F /* Reachability */ = {
			isa = PBXGroup;
			children = (
				35B2EFCF1D000EE80014867F /* FDReachability.h */,
				35B2EFD01D000EE80014867F /* FDReachability.m */,
			);
			path = Reachability;
			sourceTree = "<group>";
		};
		35B2EFD11D000EE80014867F /* UICKeyChainStore-2.0.6 */ = {
			isa = PBXGroup;
			children = (
				35B2EFD21D000EE80014867F /* FDKeyChainStore.h */,
				35B2EFD31D000EE80014867F /* FDKeyChainStore.m */,
			);
			path = "UICKeyChainStore-2.0.6";
			sourceTree = "<group>";
		};
		843DD249178594180053E19E = {
			isa = PBXGroup;
			children = (
				35B2EEBB1D000E620014867F /* HotlineSDK */,
				35591B721B9EDCCE00BC0B60 /* HotlineModels */,
				35591B791B9EDD0700BC0B60 /* Vendor */,
				358DD4CC1BB011A200B36E4E /* HotlineDB */,
				358DD4EF1BB01A2100B36E4E /* KonotorModels */,
				843DD255178594180053E19E /* Products */,
			);
			sourceTree = "<group>";
		};
		843DD255178594180053E19E /* Products */ = {
			isa = PBXGroup;
			children = (
				35591AB11B9ED58100BC0B60 /* libHotlineSDK.a */,
				358DD4EE1BB01A2100B36E4E /* KonotorModels.bundle */,
			);
			name = Products;
			sourceTree = "<group>";
		};
/* End PBXGroup section */

/* Begin PBXNativeTarget section */
		35591A9B1B9ED58100BC0B60 /* HotlineSDK */ = {
			isa = PBXNativeTarget;
			buildConfigurationList = 35591AAE1B9ED58100BC0B60 /* Build configuration list for PBXNativeTarget "HotlineSDK" */;
			buildPhases = (
				35591A9C1B9ED58100BC0B60 /* Sources */,
				35591AA91B9ED58100BC0B60 /* Frameworks */,
				35591AAC1B9ED58100BC0B60 /* CopyFiles */,
			);
			buildRules = (
			);
			dependencies = (
			);
			name = HotlineSDK;
			productName = Konotor;
			productReference = 35591AB11B9ED58100BC0B60 /* libHotlineSDK.a */;
			productType = "com.apple.product-type.library.static";
		};
		358DD4ED1BB01A2100B36E4E /* KonotorModels */ = {
			isa = PBXNativeTarget;
			buildConfigurationList = 358DD4F21BB01A2100B36E4E /* Build configuration list for PBXNativeTarget "KonotorModels" */;
			buildPhases = (
				358DD4EA1BB01A2100B36E4E /* Sources */,
				358DD4EB1BB01A2100B36E4E /* Frameworks */,
				358DD4EC1BB01A2100B36E4E /* Resources */,
			);
			buildRules = (
			);
			dependencies = (
			);
			name = KonotorModels;
			productName = KonotorModels;
			productReference = 358DD4EE1BB01A2100B36E4E /* KonotorModels.bundle */;
			productType = "com.apple.product-type.bundle";
		};
/* End PBXNativeTarget section */

/* Begin PBXProject section */
		843DD24B178594180053E19E /* Project object */ = {
			isa = PBXProject;
			attributes = {
				LastUpgradeCheck = 0710;
				ORGANIZATIONNAME = Freshdesk;
				TargetAttributes = {
					358DD4ED1BB01A2100B36E4E = {
						CreatedOnToolsVersion = 6.4;
					};
					35E56EDF1C7CC6420089CEFB = {
						CreatedOnToolsVersion = 7.2;
					};
				};
			};
			buildConfigurationList = 843DD24E178594180053E19E /* Build configuration list for PBXProject "HotlineSDK" */;
			compatibilityVersion = "Xcode 3.2";
			developmentRegion = English;
			hasScannedForEncodings = 0;
			knownRegions = (
				en,
			);
			mainGroup = 843DD249178594180053E19E;
			productRefGroup = 843DD255178594180053E19E /* Products */;
			projectDirPath = "";
			projectRoot = "";
			targets = (
				35591A9B1B9ED58100BC0B60 /* HotlineSDK */,
				358DD4ED1BB01A2100B36E4E /* KonotorModels */,
				35E56EDF1C7CC6420089CEFB /* Documentation */,
			);
		};
/* End PBXProject section */

/* Begin PBXResourcesBuildPhase section */
		358DD4EC1BB01A2100B36E4E /* Resources */ = {
			isa = PBXResourcesBuildPhase;
			buildActionMask = 2147483647;
			files = (
			);
			runOnlyForDeploymentPostprocessing = 0;
		};
/* End PBXResourcesBuildPhase section */

/* Begin PBXShellScriptBuildPhase section */
		35E56EE31C7CC6500089CEFB /* ShellScript */ = {
			isa = PBXShellScriptBuildPhase;
			buildActionMask = 2147483647;
			files = (
			);
			inputPaths = (
			);
			outputPaths = (
			);
			runOnlyForDeploymentPostprocessing = 0;
			shellPath = /bin/sh;
			shellScript = "#appledoc Xcode script\n# Start constants\ncompany=\"Freshdesk\";\ncompanyID=\"com.freshdesk\";\ncompanyURL=\"http://hotline.io\";\ntarget=\"iphoneos\";\noutputPath=\"${PROJECT_DIR}/../docs\";\n# End constants\n/usr/local/bin/appledoc \\\n--project-name \"Hotline\" \\\n--project-company \"${company}\" \\\n--company-id \"${companyID}\" \\\n--docset-atom-filename \"${company}.atom\" \\\n--docset-feed-url \"${companyURL}/${company}/%DOCSETATOMFILENAME\" \\\n--docset-package-url \"${companyURL}/${company}/%DOCSETPACKAGEFILENAME\" \\\n--docset-fallback-url \"${companyURL}/${company}\" \\\n--output \"${outputPath}\" \\\n--publish-docset \\\n--docset-platform-family \"${target}\" \\\n--logformat xcode \\\n--keep-intermediate-files \\\n--no-repeat-first-par \\\n--no-warn-invalid-crossref \\\n--exit-threshold 2 \\\n--ignore Vendor \\\n\"${PROJECT_DIR}\"";
		};
/* End PBXShellScriptBuildPhase section */

/* Begin PBXSourcesBuildPhase section */
		35591A9C1B9ED58100BC0B60 /* Sources */ = {
			isa = PBXSourcesBuildPhase;
			buildActionMask = 2147483647;
			files = (
				35B2EF8A1D000E620014867F /* HLViewController.m in Sources */,
				35B2EFD41D000EE80014867F /* FDReachability.m in Sources */,
				35B2EFC51D000E620014867F /* FDAudioMessageInputView.m in Sources */,
				35B2EFB81D000E620014867F /* KonotorAudioRecorder.m in Sources */,
				35B2EFC01D000E620014867F /* FDLabel.m in Sources */,
				35B2EF971D000E620014867F /* KonotorCustomProperty.m in Sources */,
				35B2EF931D000E620014867F /* HLArticle.m in Sources */,
				35B2EFA71D000E620014867F /* HLMessageServices.m in Sources */,
				35B2EFBD1D000E620014867F /* FDButton.m in Sources */,
				35B2EFB91D000E620014867F /* FDArticleListCell.m in Sources */,
				35B2EFA01D000E620014867F /* FDMessagesUpdater.m in Sources */,
				35B2EF8C1D000E620014867F /* HLNotificationHandler.m in Sources */,
				35B2EFCD1D000E620014867F /* FDYesNoPromptView.m in Sources */,
				35B2EFC41D000E620014867F /* HLGridViewCell.m in Sources */,
				35B2EFBA1D000E620014867F /* FDBadgeView.m in Sources */,
				35B2EF901D000E620014867F /* Konotor.m in Sources */,
				35B2EF861D000E620014867F /* HLChannelViewController.m in Sources */,
				35B2EFAD1D000E620014867F /* FDMemLogger.m in Sources */,
				35B2EFC91D000E620014867F /* FDMessageCell.m in Sources */,
				35B2EFB51D000E620014867F /* HLTheme.m in Sources */,
				35B2EFA51D000E620014867F /* HLCoreServices.m in Sources */,
				35B2EFA81D000E620014867F /* HLServiceRequest.m in Sources */,
				35B2EFAC1D000E620014867F /* FDIndexManager.m in Sources */,
				35B2EFB11D000E620014867F /* FDStringUtil.m in Sources */,
				35B2EFC71D000E620014867F /* FDActionButton.m in Sources */,
				35B2EF8E1D000E620014867F /* HotlineConfig.m in Sources */,
				35B2EFB41D000E620014867F /* HLLocalization.m in Sources */,
				35B2EF9C1D000E620014867F /* KonotorUser.m in Sources */,
				35B2EFA41D000E620014867F /* HLAPIClient.m in Sources */,
				35B2EF891D000E620014867F /* HLSearchViewController.m in Sources */,
				35B2EF961D000E620014867F /* KonotorConversation.m in Sources */,
				35B2EFD51D000EE80014867F /* FDKeyChainStore.m in Sources */,
				35B2EF951D000E620014867F /* HLChannel.m in Sources */,
				35B2EFB01D000E620014867F /* FDSecureStore.m in Sources */,
				35B2EFA91D000E620014867F /* FDAutolayoutHelper.m in Sources */,
				35B2EF871D000E620014867F /* HLContainerController.m in Sources */,
				35B2EFC61D000E620014867F /* FDInputToolbarView.m in Sources */,
				35B2EF991D000E620014867F /* KonotorMessage.m in Sources */,
				35B2EFBE1D000E620014867F /* FDSearchBar.m in Sources */,
				35B2EFB61D000E620014867F /* HotlineAppState.m in Sources */,
				35B2EFC21D000E620014867F /* FDNotificationBanner.m in Sources */,
				35B2EF821D000E620014867F /* HLArticleDetailViewController.m in Sources */,
				35B2EF801D000E620014867F /* FDImagePreviewController.m in Sources */,
				35B2EF881D000E620014867F /* HLListViewController.m in Sources */,
				35B2EFC81D000E620014867F /* FDAudioMessageUnit.m in Sources */,
				35B2EF9F1D000E620014867F /* FDDAUUpdater.m in Sources */,
				35B2EF9E1D000E620014867F /* FDDataUpdaterWithInterval.m in Sources */,
				35B2EFAE1D000E620014867F /* FDRanking.m in Sources */,
				35B2EF811D000E620014867F /* FDMessageController.m in Sources */,
				35B2EFB31D000E620014867F /* FDVotingManager.m in Sources */,
				35B2EF7F1D000E620014867F /* FDAttachmentImageController.m in Sources */,
				35B2EFA11D000E620014867F /* FDSolutionUpdater.m in Sources */,
				35B2EF941D000E620014867F /* HLCategory.m in Sources */,
				35B2EFAA1D000E620014867F /* FDBackgroundTaskManager.m in Sources */,
				35B2EFC11D000E620014867F /* FDMarginalView.m in Sources */,
				35B2EF831D000E620014867F /* HLArticlesController.m in Sources */,
				35B2EFBB1D000E620014867F /* FDBarButtonItem.m in Sources */,
				35B2EF9A1D000E620014867F /* KonotorMessageBinary.m in Sources */,
				35B2EF8F1D000E620014867F /* HotlineUser.m in Sources */,
				35B2EF921D000E620014867F /* FDIndex.m in Sources */,
				35B2EFAF1D000E620014867F /* FDReachabilityManager.m in Sources */,
				35B2EF911D000E620014867F /* FDArticleContent.m in Sources */,
				35B2EFC31D000E620014867F /* HLEmptyResultView.m in Sources */,
				35B2EFBF1D000E620014867F /* FDTableViewCell.m in Sources */,
				35B2EFA31D000E620014867F /* FDResponseInfo.m in Sources */,
				35B2EFB71D000E620014867F /* KonotorAudioPlayer.m in Sources */,
				35B2EFCA1D000E620014867F /* FDPictureMessageView.m in Sources */,
				35B2EF8B1D000E620014867F /* KonotorImageInput.m in Sources */,
				35B2EFBC1D000E620014867F /* FDCell.m in Sources */,
				35B2EFB21D000E620014867F /* FDUtilities.m in Sources */,
				35B2EF851D000E620014867F /* HLCategoryGridViewController.m in Sources */,
				35B2EFAB1D000E620014867F /* FDDateUtil.m in Sources */,
				35B2EF841D000E620014867F /* HLCategoriesListController.m in Sources */,
				35B2EFA61D000E620014867F /* HLFAQServices.m in Sources */,
				35B2EFA21D000E620014867F /* FDIconDownloader.m in Sources */,
				35B2EFCC1D000E620014867F /* FDPromptView.m in Sources */,
				35B2EF981D000E620014867F /* KonotorDataManager.m in Sources */,
				35B2EFCB1D000E620014867F /* FDAlertView.m in Sources */,
				35B2EF9D1D000E620014867F /* FDChannelUpdater.m in Sources */,
				35B2EF8D1D000E620014867F /* Hotline.m in Sources */,
			);
			runOnlyForDeploymentPostprocessing = 0;
		};
		358DD4EA1BB01A2100B36E4E /* Sources */ = {
			isa = PBXSourcesBuildPhase;
			buildActionMask = 2147483647;
			files = (
			);
			runOnlyForDeploymentPostprocessing = 0;
		};
/* End PBXSourcesBuildPhase section */

/* Begin PBXVariantGroup section */
		35591B731B9EDCCE00BC0B60 /* InfoPlist.strings */ = {
			isa = PBXVariantGroup;
			children = (
				35591B741B9EDCCE00BC0B60 /* en */,
			);
			name = InfoPlist.strings;
			sourceTree = "<group>";
		};
/* End PBXVariantGroup section */

/* Begin XCBuildConfiguration section */
		35591AAF1B9ED58100BC0B60 /* Debug */ = {
			isa = XCBuildConfiguration;
			buildSettings = {
				DSTROOT = /tmp/Konotor.dst;
				GCC_PRECOMPILE_PREFIX_HEADER = YES;
				GCC_PREFIX_HEADER = "HotlineSDK/HotlineSDK-Prefix.pch";
				GCC_PREPROCESSOR_DEFINITIONS_NOT_USED_IN_PRECOMPS = "";
				IPHONEOS_DEPLOYMENT_TARGET = 5.0;
				ONLY_ACTIVE_ARCH = NO;
				OTHER_LDFLAGS = "-ObjC";
				PRODUCT_NAME = "$(TARGET_NAME)";
				PROVISIONING_PROFILE = "01778411-1277-47d7-bc16-f0028cfaf88f";
				SKIP_INSTALL = YES;
				STRIP_STYLE = all;
				VALID_ARCHS = "armv7 arm64 armv7s i386 x86_64";
			};
			name = Debug;
		};
		35591AB01B9ED58100BC0B60 /* Release */ = {
			isa = XCBuildConfiguration;
			buildSettings = {
				DSTROOT = /tmp/Konotor.dst;
				GCC_PRECOMPILE_PREFIX_HEADER = YES;
				GCC_PREFIX_HEADER = "HotlineSDK/HotlineSDK-Prefix.pch";
				GCC_PREPROCESSOR_DEFINITIONS_NOT_USED_IN_PRECOMPS = "";
				IPHONEOS_DEPLOYMENT_TARGET = 5.0;
				ONLY_ACTIVE_ARCH = NO;
				OTHER_LDFLAGS = "-ObjC";
				PRODUCT_NAME = "$(TARGET_NAME)";
				PROVISIONING_PROFILE = "01778411-1277-47d7-bc16-f0028cfaf88f";
				SKIP_INSTALL = YES;
				STRIP_STYLE = all;
				VALID_ARCHS = "armv7 arm64 armv7s i386 x86_64";
			};
			name = Release;
		};
		358DD4F31BB01A2100B36E4E /* Debug */ = {
			isa = XCBuildConfiguration;
			buildSettings = {
				CLANG_ENABLE_MODULES = YES;
				CLANG_WARN_BOOL_CONVERSION = YES;
				CLANG_WARN_CONSTANT_CONVERSION = YES;
				CLANG_WARN_DIRECT_OBJC_ISA_USAGE = YES_ERROR;
				CLANG_WARN_ENUM_CONVERSION = YES;
				CLANG_WARN_INT_CONVERSION = YES;
				CLANG_WARN_OBJC_ROOT_CLASS = YES_ERROR;
				CLANG_WARN_UNREACHABLE_CODE = YES;
				COMBINE_HIDPI_IMAGES = YES;
				DEBUG_INFORMATION_FORMAT = dwarf;
				ENABLE_STRICT_OBJC_MSGSEND = YES;
				GCC_NO_COMMON_BLOCKS = YES;
				GCC_PREPROCESSOR_DEFINITIONS = (
					"DEBUG=1",
					"$(inherited)",
				);
				GCC_WARN_64_TO_32_BIT_CONVERSION = YES;
				GCC_WARN_ABOUT_RETURN_TYPE = YES_ERROR;
				GCC_WARN_UNDECLARED_SELECTOR = YES;
				GCC_WARN_UNINITIALIZED_AUTOS = YES_AGGRESSIVE;
				GCC_WARN_UNUSED_FUNCTION = YES;
				INFOPLIST_FILE = KonotorModels/Info.plist;
				INSTALL_PATH = "$(LOCAL_LIBRARY_DIR)/Bundles";
				MACOSX_DEPLOYMENT_TARGET = 10.11;
				MTL_ENABLE_DEBUG_INFO = YES;
				PRODUCT_BUNDLE_IDENTIFIER = "Freshdesk.$(PRODUCT_NAME:rfc1034identifier)";
				PRODUCT_NAME = "$(TARGET_NAME)";
				SDKROOT = iphoneos;
				SKIP_INSTALL = YES;
				WRAPPER_EXTENSION = bundle;
			};
			name = Debug;
		};
		358DD4F41BB01A2100B36E4E /* Release */ = {
			isa = XCBuildConfiguration;
			buildSettings = {
				CLANG_ENABLE_MODULES = YES;
				CLANG_WARN_BOOL_CONVERSION = YES;
				CLANG_WARN_CONSTANT_CONVERSION = YES;
				CLANG_WARN_DIRECT_OBJC_ISA_USAGE = YES_ERROR;
				CLANG_WARN_ENUM_CONVERSION = YES;
				CLANG_WARN_INT_CONVERSION = YES;
				CLANG_WARN_OBJC_ROOT_CLASS = YES_ERROR;
				CLANG_WARN_UNREACHABLE_CODE = YES;
				COMBINE_HIDPI_IMAGES = YES;
				COPY_PHASE_STRIP = NO;
				DEBUG_INFORMATION_FORMAT = "dwarf-with-dsym";
				ENABLE_NS_ASSERTIONS = NO;
				ENABLE_STRICT_OBJC_MSGSEND = YES;
				GCC_NO_COMMON_BLOCKS = YES;
				GCC_WARN_64_TO_32_BIT_CONVERSION = YES;
				GCC_WARN_ABOUT_RETURN_TYPE = YES_ERROR;
				GCC_WARN_UNDECLARED_SELECTOR = YES;
				GCC_WARN_UNINITIALIZED_AUTOS = YES_AGGRESSIVE;
				GCC_WARN_UNUSED_FUNCTION = YES;
				INFOPLIST_FILE = KonotorModels/Info.plist;
				INSTALL_PATH = "$(LOCAL_LIBRARY_DIR)/Bundles";
				MACOSX_DEPLOYMENT_TARGET = 10.11;
				MTL_ENABLE_DEBUG_INFO = NO;
				PRODUCT_BUNDLE_IDENTIFIER = "Freshdesk.$(PRODUCT_NAME:rfc1034identifier)";
				PRODUCT_NAME = "$(TARGET_NAME)";
				SDKROOT = iphoneos;
				SKIP_INSTALL = YES;
				WRAPPER_EXTENSION = bundle;
			};
			name = Release;
		};
		35E56EE01C7CC6420089CEFB /* Debug */ = {
			isa = XCBuildConfiguration;
			buildSettings = {
				PRODUCT_NAME = "$(TARGET_NAME)";
			};
			name = Debug;
		};
		35E56EE11C7CC6420089CEFB /* Release */ = {
			isa = XCBuildConfiguration;
			buildSettings = {
				PRODUCT_NAME = "$(TARGET_NAME)";
			};
			name = Release;
		};
		843DD260178594180053E19E /* Debug */ = {
			isa = XCBuildConfiguration;
			buildSettings = {
				ALWAYS_SEARCH_USER_PATHS = NO;
				CLANG_CXX_LANGUAGE_STANDARD = "gnu++0x";
				CLANG_CXX_LIBRARY = "libc++";
				CLANG_ENABLE_OBJC_ARC = YES;
				CLANG_WARN_EMPTY_BODY = YES;
				CLANG_WARN__DUPLICATE_METHOD_MATCH = YES;
				COPY_PHASE_STRIP = NO;
				ENABLE_BITCODE = YES;
				ENABLE_TESTABILITY = YES;
				GCC_C_LANGUAGE_STANDARD = gnu99;
				GCC_DYNAMIC_NO_PIC = NO;
				GCC_OPTIMIZATION_LEVEL = 0;
				GCC_PREPROCESSOR_DEFINITIONS = (
					"DEBUG=1",
					"$(inherited)",
				);
				GCC_SYMBOLS_PRIVATE_EXTERN = NO;
				GCC_WARN_ABOUT_RETURN_TYPE = YES;
				GCC_WARN_UNINITIALIZED_AUTOS = YES;
				GCC_WARN_UNUSED_VARIABLE = YES;
				IPHONEOS_DEPLOYMENT_TARGET = 7.0;
				ONLY_ACTIVE_ARCH = YES;
				PROVISIONING_PROFILE = "01778411-1277-47d7-bc16-f0028cfaf88f";
				SDKROOT = iphoneos;
				STRIP_INSTALLED_PRODUCT = NO;
				STRIP_STYLE = debugging;
				VALID_ARCHS = "armv7 armv7s arm64 i386 x86_64";
			};
			name = Debug;
		};
		843DD261178594180053E19E /* Release */ = {
			isa = XCBuildConfiguration;
			buildSettings = {
				ALWAYS_SEARCH_USER_PATHS = NO;
				CLANG_CXX_LANGUAGE_STANDARD = "gnu++0x";
				CLANG_CXX_LIBRARY = "libc++";
				CLANG_ENABLE_OBJC_ARC = YES;
				CLANG_WARN_EMPTY_BODY = YES;
				CLANG_WARN__DUPLICATE_METHOD_MATCH = YES;
				COPY_PHASE_STRIP = NO;
				ENABLE_BITCODE = YES;
				GCC_C_LANGUAGE_STANDARD = gnu99;
				GCC_WARN_ABOUT_RETURN_TYPE = YES;
				GCC_WARN_UNINITIALIZED_AUTOS = YES;
				GCC_WARN_UNUSED_VARIABLE = YES;
				IPHONEOS_DEPLOYMENT_TARGET = 7.0;
				PROVISIONING_PROFILE = "01778411-1277-47d7-bc16-f0028cfaf88f";
				SDKROOT = iphoneos;
				STRIP_INSTALLED_PRODUCT = NO;
				STRIP_STYLE = debugging;
				VALIDATE_PRODUCT = YES;
				VALID_ARCHS = "armv7 armv7s arm64 i386 x86_64";
			};
			name = Release;
		};
/* End XCBuildConfiguration section */

/* Begin XCConfigurationList section */
		35591AAE1B9ED58100BC0B60 /* Build configuration list for PBXNativeTarget "HotlineSDK" */ = {
			isa = XCConfigurationList;
			buildConfigurations = (
				35591AAF1B9ED58100BC0B60 /* Debug */,
				35591AB01B9ED58100BC0B60 /* Release */,
			);
			defaultConfigurationIsVisible = 0;
			defaultConfigurationName = Release;
		};
		358DD4F21BB01A2100B36E4E /* Build configuration list for PBXNativeTarget "KonotorModels" */ = {
			isa = XCConfigurationList;
			buildConfigurations = (
				358DD4F31BB01A2100B36E4E /* Debug */,
				358DD4F41BB01A2100B36E4E /* Release */,
			);
			defaultConfigurationIsVisible = 0;
			defaultConfigurationName = Release;
		};
		35E56EE21C7CC6420089CEFB /* Build configuration list for PBXAggregateTarget "Documentation" */ = {
			isa = XCConfigurationList;
			buildConfigurations = (
				35E56EE01C7CC6420089CEFB /* Debug */,
				35E56EE11C7CC6420089CEFB /* Release */,
			);
			defaultConfigurationIsVisible = 0;
			defaultConfigurationName = Release;
		};
		843DD24E178594180053E19E /* Build configuration list for PBXProject "HotlineSDK" */ = {
			isa = XCConfigurationList;
			buildConfigurations = (
				843DD260178594180053E19E /* Debug */,
				843DD261178594180053E19E /* Release */,
			);
			defaultConfigurationIsVisible = 0;
			defaultConfigurationName = Release;
		};
/* End XCConfigurationList section */

/* Begin XCVersionGroup section */
		35B2EEF51D000E620014867F /* KonotorModel.xcdatamodeld */ = {
			isa = XCVersionGroup;
			children = (
				35B2EEF61D000E620014867F /* KonotorModel 10.xcdatamodel */,
				35B2EEF71D000E620014867F /* KonotorModel 11.xcdatamodel */,
				35B2EEF81D000E620014867F /* KonotorModel 12.xcdatamodel */,
				35B2EEF91D000E620014867F /* KonotorModel 13.xcdatamodel */,
				35B2EEFA1D000E620014867F /* KonotorModel 14.xcdatamodel */,
				35B2EEFB1D000E620014867F /* KonotorModel 15.xcdatamodel */,
				35B2EEFC1D000E620014867F /* KonotorModel 16.xcdatamodel */,
				35B2EEFD1D000E620014867F /* KonotorModel 17.xcdatamodel */,
				35B2EEFE1D000E620014867F /* KonotorModel 18.xcdatamodel */,
				35B2EEFF1D000E620014867F /* KonotorModel 19.xcdatamodel */,
				35B2EF001D000E620014867F /* KonotorModel 2.xcdatamodel */,
				35B2EF011D000E620014867F /* KonotorModel 20.xcdatamodel */,
				35B2EF021D000E620014867F /* KonotorModel 21.xcdatamodel */,
				35B2EF031D000E620014867F /* KonotorModel 22.xcdatamodel */,
				35B2EF041D000E620014867F /* KonotorModel 3.xcdatamodel */,
				35B2EF051D000E620014867F /* KonotorModel 4.xcdatamodel */,
				35B2EF061D000E620014867F /* KonotorModel 5.xcdatamodel */,
				35B2EF071D000E620014867F /* KonotorModel 6.xcdatamodel */,
				35B2EF081D000E620014867F /* KonotorModel 7.xcdatamodel */,
				35B2EF091D000E620014867F /* KonotorModel 8.xcdatamodel */,
				35B2EF0A1D000E620014867F /* KonotorModel 9.xcdatamodel */,
				35B2EF0B1D000E620014867F /* KonotorModel.xcdatamodel */,
			);
			currentVersion = 35B2EF031D000E620014867F /* KonotorModel 22.xcdatamodel */;
			path = KonotorModel.xcdatamodeld;
			sourceTree = "<group>";
			versionGroupType = wrapper.xcdatamodel;
		};
/* End XCVersionGroup section */
	};
	rootObject = 843DD24B178594180053E19E /* Project object */;
}
